<?xml version="1.0" encoding="UTF-8" standalone="yes" ?>
<CodeBlocks_project_file>
	<FileVersion major="1" minor="6" />
	<Project>
		<Option title="TrinityScript" />
		<Option pch_mode="2" />
		<Option compiler="gcc" />
		<Build>
			<Target title="Debug Win32">
				<Option output="../../../../bin/Linux_Debug Win32/TrinityScript" prefix_auto="1" extension_auto="1" />
				<Option object_output="ScriptDev2__Linux_Debug Win32" />
				<Option type="3" />
				<Option compiler="gcc" />
				<Option createDefFile="1" />
				<Option createStaticLib="1" />
				<Compiler>
					<Add option="-DWIN32" />
					<Add option="-D_DEBUG" />
					<Add option="-DMANGOS_DEBUG" />
					<Add option="-D_WINDOWS" />
					<Add option="-D_USRDLL" />
					<Add option="-DSCRIPT" />
					<Add option="-W" />
					<Add option="-g" />
					<Add option="-O0" />
					<Add directory="../../../../dep/include/" />
					<Add directory="../../../shared/" />
					<Add directory="../../../framework/" />
					<Add directory="../../../game/" />
					<Add directory="../include/" />
					<Add directory="../../../../dep/ACE_wrappers" />
				</Compiler>
				<ResourceCompiler>
					<Add directory="../../../../dep/include/" />
					<Add directory="../../../shared/" />
					<Add directory="../../../framework/" />
					<Add directory="../../../game/" />
					<Add directory="../include/" />
					<Add directory="../../../../dep/ACE_wrappers" />
				</ResourceCompiler>
				<Linker>
					<Add library="trinitycore" />
					<Add library="ACEd" />
					<Add directory="../../../../dep/lib/Linux_Debug Win32" />
					<Add directory="../../../../win/VC90/trinitycore__Linux_Debug Win32" />
				</Linker>
			</Target>
			<Target title="Debug x64">
				<Option output="../../../../bin/Linux_Debug x64/TrinityScript" prefix_auto="1" extension_auto="1" />
				<Option object_output="ScriptDev2__Linux_Debug x64" />
				<Option type="3" />
				<Option compiler="gcc" />
				<Option createDefFile="1" />
				<Option createStaticLib="1" />
				<Compiler>
					<Add option="-DWIN32" />
					<Add option="-D_DEBUG" />
					<Add option="-DMANGOS_DEBUG" />
					<Add option="-D_WINDOWS" />
					<Add option="-D_USRDLL" />
					<Add option="-DSCRIPT" />
					<Add option="-W" />
					<Add option="-O0" />
					<Add directory="../../../../dep/include/" />
					<Add directory="../../../shared/" />
					<Add directory="../../../framework/" />
					<Add directory="../../../game/" />
					<Add directory="../include/" />
					<Add directory="../../../../dep/ACE_wrappers" />
				</Compiler>
				<ResourceCompiler>
					<Add directory="../../../../dep/include/" />
					<Add directory="../../../shared/" />
					<Add directory="../../../framework/" />
					<Add directory="../../../game/" />
					<Add directory="../include/" />
					<Add directory="../../../../dep/ACE_wrappers" />
				</ResourceCompiler>
				<Linker>
					<Add library="trinitycore" />
					<Add library="ACEd" />
					<Add directory="../../../../dep/lib/Linux_Debug x64" />
					<Add directory="../../../../win/VC90/zthread__Linux_Debug x64" />
					<Add directory="../../../../win/VC90/trinitycore__Linux_Debug x64" />
				</Linker>
			</Target>
			<Target title="Release Win32">
				<Option output="../../../../bin/Linux_Release Win32/TrinityScript" prefix_auto="1" extension_auto="1" />
				<Option object_output="ScriptDev2__Linux_Release Win32" />
				<Option type="3" />
				<Option compiler="gcc" />
				<Option createDefFile="1" />
				<Option createStaticLib="1" />
				<Compiler>
					<Add option="-DWIN32" />
					<Add option="-DNDEBUG" />
					<Add option="-D_WINDOWS" />
					<Add option="-D_USRDLL" />
					<Add option="-DSCRIPT" />
					<Add option="-W" />
					<Add directory="../../../../dep/include/" />
					<Add directory="../../../shared/" />
					<Add directory="../../../framework/" />
					<Add directory="../../../game/" />
					<Add directory="../include/" />
					<Add directory="../../../../dep/ACE_wrappers" />
				</Compiler>
				<ResourceCompiler>
					<Add directory="../../../../dep/include/" />
					<Add directory="../../../shared/" />
					<Add directory="../../../framework/" />
					<Add directory="../../../game/" />
					<Add directory="../include/" />
					<Add directory="../../../../dep/ACE_wrappers" />
				</ResourceCompiler>
				<Linker>
					<Add library="trinitycore" />
					<Add library="ACE" />
					<Add directory="../../../../dep/lib/Linux_Release Win32" />
					<Add directory="../../../../win/VC90/trinitycore__Linux_Release Win32" />
				</Linker>
			</Target>
			<Target title="Release x64">
				<Option output="../../../../bin/Linux_Release x64/TrinityScript" prefix_auto="1" extension_auto="1" />
				<Option object_output="ScriptDev2__Linux_Release x64" />
				<Option type="3" />
				<Option compiler="gcc" />
				<Option createDefFile="1" />
				<Option createStaticLib="1" />
				<Compiler>
					<Add option="-DWIN32" />
					<Add option="-DNDEBUG" />
					<Add option="-D_WINDOWS" />
					<Add option="-D_USRDLL" />
					<Add option="-DSCRIPT" />
					<Add option="-W" />
					<Add directory="../../../../dep/include/" />
					<Add directory="../../../shared/" />
					<Add directory="../../../framework/" />
					<Add directory="../../../game/" />
					<Add directory="../include/" />
					<Add directory="../../../../dep/ACE_wrappers" />
				</Compiler>
				<ResourceCompiler>
					<Add directory="../../../../dep/include/" />
					<Add directory="../../../shared/" />
					<Add directory="../../../framework/" />
					<Add directory="../../../game/" />
					<Add directory="../include/" />
					<Add directory="../../../../dep/ACE_wrappers" />
				</ResourceCompiler>
				<Linker>
					<Add library="trinitycore" />
					<Add library="ACE" />
					<Add directory="../../../../dep/lib/Linux_Release x64" />
					<Add directory="../../../../win/VC90/zthread__Linux_Release x64" />
					<Add directory="../../../../win/VC90/trinitycore__Linux_Release x64" />
				</Linker>
			</Target>
		</Build>
		<Unit filename="../ScriptMgr.cpp" />
		<Unit filename="../ScriptMgr.h" />
		<Unit filename="../config.h" />
		<Unit filename="../include/precompiled.cpp" />
		<Unit filename="../include/precompiled.h" />
		<Unit filename="../include/sc_creature.cpp" />
		<Unit filename="../include/sc_creature.h" />
		<Unit filename="../include/sc_gossip.h" />
		<Unit filename="../include/sc_instance.h" />
		<Unit filename="../include/sc_item.h" />
		<Unit filename="../scripts/areatrigger/areatrigger_scripts.cpp" />
		<Unit filename="../scripts/boss/boss_emeriss.cpp" />
		<Unit filename="../scripts/boss/boss_lethon.cpp" />
		<Unit filename="../scripts/boss/boss_taerar.cpp" />
		<Unit filename="../scripts/boss/boss_ysondre.cpp" />
		<Unit filename="../scripts/creature/mob_event_ai.cpp" />
		<Unit filename="../scripts/creature/mob_event_ai.h" />
		<Unit filename="../scripts/creature/mob_generic_creature.cpp" />
		<Unit filename="../scripts/creature/simple_ai.cpp" />
		<Unit filename="../scripts/creature/simple_ai.h" />
		<Unit filename="../scripts/custom/custom_example.cpp" />
		<Unit filename="../scripts/custom/custom_gossip_codebox.cpp" />
		<Unit filename="../scripts/custom/test.cpp" />
		<Unit filename="../scripts/go/go_scripts.cpp" />
		<Unit filename="../scripts/guard/guard_ai.cpp" />
		<Unit filename="../scripts/guard/guard_ai.h" />
		<Unit filename="../scripts/guard/guards.cpp" />
		<Unit filename="../scripts/item/item_scripts.cpp" />
		<Unit filename="../scripts/item/item_test.cpp" />
		<Unit filename="../scripts/npc/npc_escortAI.cpp" />
		<Unit filename="../scripts/npc/npc_escortAI.h" />
		<Unit filename="../scripts/npc/npc_innkeeper.cpp" />
		<Unit filename="../scripts/npc/npc_professions.cpp" />
		<Unit filename="../scripts/npc/npcs_special.cpp" />
		<Unit filename="../scripts/zone/alterac_mountains/alterac_mountains.cpp" />
		<Unit filename="../scripts/zone/alterac_valley/boss_balinda.cpp" />
		<Unit filename="../scripts/zone/alterac_valley/boss_drekthar.cpp" />
		<Unit filename="../scripts/zone/alterac_valley/boss_galvangar.cpp" />
		<Unit filename="../scripts/zone/alterac_valley/boss_vanndar.cpp" />
		<Unit filename="../scripts/zone/arathi_highlands/arathi_highlands.cpp" />
		<Unit filename="../scripts/zone/ashenvale_forest/ashenvale.cpp" />
		<Unit filename="../scripts/zone/aunchindoun/auchenai_crypts/boss_exarch_maladaar.cpp" />
		<Unit filename="../scripts/zone/aunchindoun/auchenai_crypts/boss_shirrak_the_dead_watcher.cpp" />
		<Unit filename="../scripts/zone/aunchindoun/mana_tombs/boss_nexusprince_shaffar.cpp" />
		<Unit filename="../scripts/zone/aunchindoun/mana_tombs/boss_pandemonius.cpp" />
		<Unit filename="../scripts/zone/aunchindoun/sethekk_halls/boss_darkweaver_syth.cpp" />
		<Unit filename="../scripts/zone/aunchindoun/sethekk_halls/boss_tailonking_ikiss.cpp" />
		<Unit filename="../scripts/zone/aunchindoun/sethekk_halls/def_sethekk_halls.h" />
		<Unit filename="../scripts/zone/aunchindoun/sethekk_halls/instance_sethekk_halls.cpp" />
		<Unit filename="../scripts/zone/aunchindoun/shadow_labyrinth/boss_ambassador_hellmaw.cpp" />
		<Unit filename="../scripts/zone/aunchindoun/shadow_labyrinth/boss_blackheart_the_inciter.cpp" />
		<Unit filename="../scripts/zone/aunchindoun/shadow_labyrinth/boss_grandmaster_vorpil.cpp" />
		<Unit filename="../scripts/zone/aunchindoun/shadow_labyrinth/boss_murmur.cpp" />
		<Unit filename="../scripts/zone/aunchindoun/shadow_labyrinth/def_shadow_labyrinth.h" />
		<Unit filename="../scripts/zone/aunchindoun/shadow_labyrinth/instance_shadow_labyrinth.cpp" />
		<Unit filename="../scripts/zone/azshara/azshara.cpp" />
		<Unit filename="../scripts/zone/azshara/boss_azuregos.cpp" />
		<Unit filename="../scripts/zone/azuremyst_isle/azuremyst_isle.cpp" />
		<Unit filename="../scripts/zone/barrens/the_barrens.cpp" />
		<Unit filename="../scripts/zone/black_temple/black_temple.cpp" />
		<Unit filename="../scripts/zone/black_temple/boss_bloodboil.cpp" />
		<Unit filename="../scripts/zone/black_temple/boss_illidan.cpp" />
		<Unit filename="../scripts/zone/black_temple/boss_mother_shahraz.cpp" />
		<Unit filename="../scripts/zone/black_temple/boss_reliquary_of_souls.cpp" />
		<Unit filename="../scripts/zone/black_temple/boss_shade_of_akama.cpp" />
		<Unit filename="../scripts/zone/black_temple/boss_supremus.cpp" />
		<Unit filename="../scripts/zone/black_temple/boss_teron_gorefiend.cpp" />
		<Unit filename="../scripts/zone/black_temple/boss_warlord_najentus.cpp" />
		<Unit filename="../scripts/zone/black_temple/def_black_temple.h" />
		<Unit filename="../scripts/zone/black_temple/illidari_council.cpp" />
		<Unit filename="../scripts/zone/black_temple/instance_black_temple.cpp" />
		<Unit filename="../scripts/zone/blackrock_depths/blackrock_depths.cpp" />
		<Unit filename="../scripts/zone/blackrock_depths/boss_ambassador_flamelash.cpp" />
		<Unit filename="../scripts/zone/blackrock_depths/boss_anubshiah.cpp" />
		<Unit filename="../scripts/zone/blackrock_depths/boss_emperor_dagran_thaurissan.cpp" />
		<Unit filename="../scripts/zone/blackrock_depths/boss_general_angerforge.cpp" />
		<Unit filename="../scripts/zone/blackrock_depths/boss_gorosh_the_dervish.cpp" />
		<Unit filename="../scripts/zone/blackrock_depths/boss_grizzle.cpp" />
		<Unit filename="../scripts/zone/blackrock_depths/boss_high_interrogator_gerstahn.cpp" />
		<Unit filename="../scripts/zone/blackrock_depths/boss_magmus.cpp" />
		<Unit filename="../scripts/zone/blackrock_depths/boss_moira_bronzebeard.cpp" />
		<Unit filename="../scripts/zone/blackrock_depths/boss_tomb_of_seven.cpp" />
		<Unit filename="../scripts/zone/blackrock_depths/def_blackrock_depths.h" />
		<Unit filename="../scripts/zone/blackrock_depths/instance_blackrock_depths.cpp" />
		<Unit filename="../scripts/zone/blackrock_spire/boss_drakkisath.cpp" />
		<Unit filename="../scripts/zone/blackrock_spire/boss_gyth.cpp" />
		<Unit filename="../scripts/zone/blackrock_spire/boss_halycon.cpp" />
		<Unit filename="../scripts/zone/blackrock_spire/boss_highlord_omokk.cpp" />
		<Unit filename="../scripts/zone/blackrock_spire/boss_mother_smolderweb.cpp" />
		<Unit filename="../scripts/zone/blackrock_spire/boss_overlord_wyrmthalak.cpp" />
		<Unit filename="../scripts/zone/blackrock_spire/boss_pyroguard_emberseer.cpp" />
		<Unit filename="../scripts/zone/blackrock_spire/boss_quartermaster_zigris.cpp" />
		<Unit filename="../scripts/zone/blackrock_spire/boss_rend_blackhand.cpp" />
		<Unit filename="../scripts/zone/blackrock_spire/boss_shadow_hunter_voshgajin.cpp" />
		<Unit filename="../scripts/zone/blackrock_spire/boss_the_beast.cpp" />
		<Unit filename="../scripts/zone/blackrock_spire/boss_warmaster_voone.cpp" />
		<Unit filename="../scripts/zone/blackwing_lair/boss_broodlord_lashlayer.cpp" />
		<Unit filename="../scripts/zone/blackwing_lair/boss_chromaggus.cpp" />
		<Unit filename="../scripts/zone/blackwing_lair/boss_ebonroc.cpp" />
		<Unit filename="../scripts/zone/blackwing_lair/boss_firemaw.cpp" />
		<Unit filename="../scripts/zone/blackwing_lair/boss_flamegor.cpp" />
		<Unit filename="../scripts/zone/blackwing_lair/boss_nefarian.cpp" />
		<Unit filename="../scripts/zone/blackwing_lair/boss_razorgore.cpp" />
		<Unit filename="../scripts/zone/blackwing_lair/boss_vaelastrasz.cpp" />
		<Unit filename="../scripts/zone/blackwing_lair/boss_victor_nefarius.cpp" />
		<Unit filename="../scripts/zone/blackwing_lair/instance_blackwing_lair.cpp" />
		<Unit filename="../scripts/zone/blades_edge_mountains/blades_edge_mountains.cpp" />
		<Unit filename="../scripts/zone/blasted_lands/blasted_lands.cpp" />
		<Unit filename="../scripts/zone/blasted_lands/boss_kruul.cpp" />
		<Unit filename="../scripts/zone/bloodmyst_isle/bloodmyst_isle.cpp" />
		<Unit filename="../scripts/zone/burning_steppes/burning_steppes.cpp" />
		<Unit filename="../scripts/zone/caverns_of_time/dark_portal/boss_aeonus.cpp" />
		<Unit filename="../scripts/zone/caverns_of_time/dark_portal/boss_chrono_lord_deja.cpp" />
		<Unit filename="../scripts/zone/caverns_of_time/dark_portal/boss_temporus.cpp" />
		<Unit filename="../scripts/zone/caverns_of_time/dark_portal/dark_portal.cpp" />
		<Unit filename="../scripts/zone/caverns_of_time/dark_portal/def_dark_portal.h" />
		<Unit filename="../scripts/zone/caverns_of_time/dark_portal/instance_dark_portal.cpp" />
		<Unit filename="../scripts/zone/caverns_of_time/hyjal/boss_anetheron.cpp" />
		<Unit filename="../scripts/zone/caverns_of_time/hyjal/boss_archimonde.cpp" />
		<Unit filename="../scripts/zone/caverns_of_time/hyjal/boss_azgalor.cpp" />
		<Unit filename="../scripts/zone/caverns_of_time/hyjal/boss_kazrogal.cpp" />
		<Unit filename="../scripts/zone/caverns_of_time/hyjal/boss_rage_winterchill.cpp" />
		<Unit filename="../scripts/zone/caverns_of_time/hyjal/def_hyjal.h" />
		<Unit filename="../scripts/zone/caverns_of_time/hyjal/hyjal.cpp" />
		<Unit filename="../scripts/zone/caverns_of_time/hyjal/hyjalAI.cpp" />
		<Unit filename="../scripts/zone/caverns_of_time/hyjal/hyjalAI.h" />
		<Unit filename="../scripts/zone/caverns_of_time/hyjal/hyjal_trash.cpp" />
		<Unit filename="../scripts/zone/caverns_of_time/hyjal/hyjal_trash.h" />
		<Unit filename="../scripts/zone/caverns_of_time/hyjal/instance_hyjal.cpp" />
		<Unit filename="../scripts/zone/caverns_of_time/old_hillsbrad/boss_captain_skarloc.cpp" />
		<Unit filename="../scripts/zone/caverns_of_time/old_hillsbrad/boss_epoch_hunter.cpp" />
		<Unit filename="../scripts/zone/caverns_of_time/old_hillsbrad/boss_leutenant_drake.cpp" />
		<Unit filename="../scripts/zone/caverns_of_time/old_hillsbrad/def_old_hillsbrad.h" />
		<Unit filename="../scripts/zone/caverns_of_time/old_hillsbrad/instance_old_hillsbrad.cpp" />
		<Unit filename="../scripts/zone/caverns_of_time/old_hillsbrad/old_hillsbrad.cpp" />
		<Unit filename="../scripts/zone/coilfang_resevoir/serpent_shrine/boss_fathomlord_karathress.cpp" />
		<Unit filename="../scripts/zone/coilfang_resevoir/serpent_shrine/boss_hydross_the_unstable.cpp" />
		<Unit filename="../scripts/zone/coilfang_resevoir/serpent_shrine/boss_lady_vashj.cpp" />
		<Unit filename="../scripts/zone/coilfang_resevoir/serpent_shrine/boss_leotheras_the_blind.cpp" />
		<Unit filename="../scripts/zone/coilfang_resevoir/serpent_shrine/boss_lurker_below.cpp" />
		<Unit filename="../scripts/zone/coilfang_resevoir/serpent_shrine/boss_morogrim_tidewalker.cpp" />
		<Unit filename="../scripts/zone/coilfang_resevoir/serpent_shrine/def_serpent_shrine.h" />
		<Unit filename="../scripts/zone/coilfang_resevoir/serpent_shrine/instance_serpent_shrine.cpp" />
		<Unit filename="../scripts/zone/coilfang_resevoir/steam_vault/boss_hydromancer_thespia.cpp" />
		<Unit filename="../scripts/zone/coilfang_resevoir/steam_vault/boss_mekgineer_steamrigger.cpp" />
		<Unit filename="../scripts/zone/coilfang_resevoir/steam_vault/boss_warlord_kalithresh.cpp" />
		<Unit filename="../scripts/zone/coilfang_resevoir/steam_vault/def_steam_vault.h" />
		<Unit filename="../scripts/zone/coilfang_resevoir/steam_vault/instance_steam_vault.cpp" />
		<Unit filename="../scripts/zone/coilfang_resevoir/underbog/boss_hungarfen.cpp" />
		<Unit filename="../scripts/zone/coilfang_resevoir/underbog/boss_the_black_stalker.cpp" />
		<Unit filename="../scripts/zone/darkshore/darkshore.cpp" />
		<Unit filename="../scripts/zone/deadmines/deadmines.cpp" />
		<Unit filename="../scripts/zone/deadmines/def_deadmines.h" />
		<Unit filename="../scripts/zone/dun_morogh/dun_morogh.cpp" />
		<Unit filename="../scripts/zone/duskwood/duskwood.cpp" />
		<Unit filename="../scripts/zone/dustwallow_marsh/dustwallow_marsh.cpp" />
		<Unit filename="../scripts/zone/eastern_plaguelands/eastern_plaguelands.cpp" />
		<Unit filename="../scripts/zone/elwynn_forest/elwynn_forest.cpp" />
		<Unit filename="../scripts/zone/eversong_woods/eversong_woods.cpp" />
		<Unit filename="../scripts/zone/felwood/felwood.cpp" />
		<Unit filename="../scripts/zone/feralas/feralas.cpp" />
		<Unit filename="../scripts/zone/ghostlands/ghostlands.cpp" />
		<Unit filename="../scripts/zone/gruuls_lair/boss_gruul.cpp" />
		<Unit filename="../scripts/zone/gruuls_lair/boss_high_king_maulgar.cpp" />
		<Unit filename="../scripts/zone/gruuls_lair/def_gruuls_lair.h" />
		<Unit filename="../scripts/zone/gruuls_lair/instance_gruuls_lair.cpp" />
		<Unit filename="../scripts/zone/hellfire_citadel/blood_furnace/boss_broggok.cpp" />
		<Unit filename="../scripts/zone/hellfire_citadel/blood_furnace/boss_kelidan_the_breaker.cpp" />
		<Unit filename="../scripts/zone/hellfire_citadel/blood_furnace/boss_the_maker.cpp" />
		<Unit filename="../scripts/zone/hellfire_citadel/blood_furnace/def_blood_furnace.h" />
		<Unit filename="../scripts/zone/hellfire_citadel/blood_furnace/instance_blood_furnace.cpp" />
		<Unit filename="../scripts/zone/hellfire_citadel/hellfire_ramparts/boss_omor_the_unscarred.cpp" />
		<Unit filename="../scripts/zone/hellfire_citadel/hellfire_ramparts/boss_vazruden_the_herald.cpp" />
		<Unit filename="../scripts/zone/hellfire_citadel/hellfire_ramparts/boss_watchkeeper_gargolmar.cpp" />
		<Unit filename="../scripts/zone/hellfire_citadel/magtheridons_lair/boss_magtheridon.cpp" />
		<Unit filename="../scripts/zone/hellfire_citadel/magtheridons_lair/def_magtheridons_lair.h" />
		<Unit filename="../scripts/zone/hellfire_citadel/magtheridons_lair/instance_magtheridons_lair.cpp" />
		<Unit filename="../scripts/zone/hellfire_citadel/shattered_halls/boss_nethekurse.cpp" />
		<Unit filename="../scripts/zone/hellfire_citadel/shattered_halls/boss_warbringer_omrogg.cpp" />
		<Unit filename="../scripts/zone/hellfire_citadel/shattered_halls/boss_warchief_kargath_bladefist.cpp" />
		<Unit filename="../scripts/zone/hellfire_citadel/shattered_halls/def_shattered_halls.h" />
		<Unit filename="../scripts/zone/hellfire_citadel/shattered_halls/instance_shattered_halls.cpp" />
		<Unit filename="../scripts/zone/hellfire_peninsula/boss_doomlord_kazzak.cpp" />
		<Unit filename="../scripts/zone/hellfire_peninsula/hellfire_peninsula.cpp" />
		<Unit filename="../scripts/zone/ironforge/ironforge.cpp" />
		<Unit filename="../scripts/zone/isle_of_queldanas/isle_of_queldanas.cpp" />
		<Unit filename="../scripts/zone/karazhan/boss_curator.cpp" />
		<Unit filename="../scripts/zone/karazhan/boss_maiden_of_virtue.cpp" />
		<Unit filename="../scripts/zone/karazhan/boss_midnight.cpp" />
		<Unit filename="../scripts/zone/karazhan/boss_moroes.cpp" />
		<Unit filename="../scripts/zone/karazhan/boss_netherspite.cpp" />
		<Unit filename="../scripts/zone/karazhan/boss_nightbane.cpp" />
		<Unit filename="../scripts/zone/karazhan/boss_prince_malchezaar.cpp" />
		<Unit filename="../scripts/zone/karazhan/boss_shade_of_aran.cpp" />
		<Unit filename="../scripts/zone/karazhan/boss_terestian_illhoof.cpp" />
		<Unit filename="../scripts/zone/karazhan/bosses_opera.cpp" />
		<Unit filename="../scripts/zone/karazhan/chess_event.cpp" />
		<Unit filename="../scripts/zone/karazhan/def_karazhan.h" />
		<Unit filename="../scripts/zone/karazhan/instance_karazhan.cpp" />
		<Unit filename="../scripts/zone/karazhan/instance_karazhan.h" />
		<Unit filename="../scripts/zone/karazhan/karazhan.cpp" />
		<Unit filename="../scripts/zone/loch_modan/loch_modan.cpp" />
		<Unit filename="../scripts/zone/magisters_terrace/boss_felblood_kaelthas.cpp" />
		<Unit filename="../scripts/zone/magisters_terrace/boss_priestess_delrissa.cpp" />
		<Unit filename="../scripts/zone/magisters_terrace/boss_selin_fireheart.cpp" />
		<Unit filename="../scripts/zone/magisters_terrace/boss_vexallus.cpp" />
		<Unit filename="../scripts/zone/magisters_terrace/def_magisters_terrace.h" />
		<Unit filename="../scripts/zone/magisters_terrace/instance_magisters_terrace.cpp" />
		<Unit filename="../scripts/zone/maraudon/boss_celebras_the_cursed.cpp" />
		<Unit filename="../scripts/zone/maraudon/boss_landslide.cpp" />
		<Unit filename="../scripts/zone/maraudon/boss_noxxion.cpp" />
		<Unit filename="../scripts/zone/maraudon/boss_princess_theradras.cpp" />
		<Unit filename="../scripts/zone/molten_core/boss_baron_geddon.cpp" />
		<Unit filename="../scripts/zone/molten_core/boss_garr.cpp" />
		<Unit filename="../scripts/zone/molten_core/boss_gehennas.cpp" />
		<Unit filename="../scripts/zone/molten_core/boss_golemagg.cpp" />
		<Unit filename="../scripts/zone/molten_core/boss_lucifron.cpp" />
		<Unit filename="../scripts/zone/molten_core/boss_magmadar.cpp" />
		<Unit filename="../scripts/zone/molten_core/boss_majordomo_executus.cpp" />
		<Unit filename="../scripts/zone/molten_core/boss_ragnaros.cpp" />
		<Unit filename="../scripts/zone/molten_core/boss_shazzrah.cpp" />
		<Unit filename="../scripts/zone/molten_core/boss_sulfuron_harbinger.cpp" />
		<Unit filename="../scripts/zone/molten_core/def_molten_core.h" />
		<Unit filename="../scripts/zone/molten_core/instance_molten_core.cpp" />
		<Unit filename="../scripts/zone/molten_core/molten_core.cpp" />
		<Unit filename="../scripts/zone/moonglade/moonglade.cpp" />
		<Unit filename="../scripts/zone/mulgore/mulgore.cpp" />
		<Unit filename="../scripts/zone/nagrand/nagrand.cpp" />
		<Unit filename="../scripts/zone/naxxramas/boss_anubrekhan.cpp" />
		<Unit filename="../scripts/zone/naxxramas/boss_faerlina.cpp" />
		<Unit filename="../scripts/zone/naxxramas/boss_four_horsemen.cpp" />
		<Unit filename="../scripts/zone/naxxramas/boss_gluth.cpp" />
		<Unit filename="../scripts/zone/naxxramas/boss_gothik.cpp" />
		<Unit filename="../scripts/zone/naxxramas/boss_grobbulus.cpp" />
		<Unit filename="../scripts/zone/naxxramas/boss_heigan.cpp" />
		<Unit filename="../scripts/zone/naxxramas/boss_highlord_mograine.cpp" />
		<Unit filename="../scripts/zone/naxxramas/boss_kelthuzad.cpp" />
		<Unit filename="../scripts/zone/naxxramas/boss_loatheb.cpp" />
		<Unit filename="../scripts/zone/naxxramas/boss_maexxna.cpp" />
		<Unit filename="../scripts/zone/naxxramas/boss_noth.cpp" />
		<Unit filename="../scripts/zone/naxxramas/boss_patchwerk.cpp" />
		<Unit filename="../scripts/zone/naxxramas/boss_razuvious.cpp" />
		<Unit filename="../scripts/zone/naxxramas/boss_sapphiron.cpp" />
		<Unit filename="../scripts/zone/naxxramas/boss_thaddius.cpp" />
		<Unit filename="../scripts/zone/naxxramas/instance_naxxramas.cpp" />
		<Unit filename="../scripts/zone/netherstorm/netherstorm.cpp" />
		<Unit filename="../scripts/zone/onyxias_lair/boss_onyxia.cpp" />
		<Unit filename="../scripts/zone/orgrimmar/orgrimmar.cpp" />
		<Unit filename="../scripts/zone/razorfen_downs/boss_amnennar_the_coldbringer.cpp" />
		<Unit filename="../scripts/zone/razorfen_kraul/def_razorfen_kraul.h" />
		<Unit filename="../scripts/zone/razorfen_kraul/instance_razorfen_kraul.cpp" />
		<Unit filename="../scripts/zone/razorfen_kraul/razorfen_kraul.cpp" />
		<Unit filename="../scripts/zone/ruins_of_ahnqiraj/boss_ayamiss.cpp" />
		<Unit filename="../scripts/zone/ruins_of_ahnqiraj/boss_buru.cpp" />
		<Unit filename="../scripts/zone/ruins_of_ahnqiraj/boss_kurinnaxx.cpp" />
		<Unit filename="../scripts/zone/ruins_of_ahnqiraj/boss_moam.cpp" />
		<Unit filename="../scripts/zone/ruins_of_ahnqiraj/boss_ossirian.cpp" />
		<Unit filename="../scripts/zone/ruins_of_ahnqiraj/boss_rajaxx.cpp" />
		<Unit filename="../scripts/zone/ruins_of_ahnqiraj/instance_ruins_of_ahnqiraj.cpp" />
		<Unit filename="../scripts/zone/scarlet_monastery/boss_arcanist_doan.cpp" />
		<Unit filename="../scripts/zone/scarlet_monastery/boss_azshir_the_sleepless.cpp" />
		<Unit filename="../scripts/zone/scarlet_monastery/boss_bloodmage_thalnos.cpp" />
		<Unit filename="../scripts/zone/scarlet_monastery/boss_headless_horseman.cpp" />
		<Unit filename="../scripts/zone/scarlet_monastery/boss_herod.cpp" />
		<Unit filename="../scripts/zone/scarlet_monastery/boss_high_inquisitor_fairbanks.cpp" />
		<Unit filename="../scripts/zone/scarlet_monastery/boss_houndmaster_loksey.cpp" />
		<Unit filename="../scripts/zone/scarlet_monastery/boss_interrogator_vishas.cpp" />
		<Unit filename="../scripts/zone/scarlet_monastery/boss_mograine_and_whitemane.cpp" />
		<Unit filename="../scripts/zone/scarlet_monastery/boss_scorn.cpp" />
		<Unit filename="../scripts/zone/scarlet_monastery/def_scarlet_monastery.h" />
		<Unit filename="../scripts/zone/scarlet_monastery/instance_scarlet_monastery.cpp" />
		<Unit filename="../scripts/zone/scholomance/boss_darkmaster_gandling.cpp" />
		<Unit filename="../scripts/zone/scholomance/boss_death_knight_darkreaver.cpp" />
		<Unit filename="../scripts/zone/scholomance/boss_doctor_theolen_krastinov.cpp" />
		<Unit filename="../scripts/zone/scholomance/boss_illucia_barov.cpp" />
		<Unit filename="../scripts/zone/scholomance/boss_instructor_malicia.cpp" />
		<Unit filename="../scripts/zone/scholomance/boss_jandice_barov.cpp" />
		<Unit filename="../scripts/zone/scholomance/boss_kormok.cpp" />
		<Unit filename="../scripts/zone/scholomance/boss_lord_alexei_barov.cpp" />
		<Unit filename="../scripts/zone/scholomance/boss_lorekeeper_polkelt.cpp" />
		<Unit filename="../scripts/zone/scholomance/boss_ras_frostwhisper.cpp" />
		<Unit filename="../scripts/zone/scholomance/boss_the_ravenian.cpp" />
		<Unit filename="../scripts/zone/scholomance/boss_vectus.cpp" />
		<Unit filename="../scripts/zone/scholomance/def_scholomance.h" />
		<Unit filename="../scripts/zone/scholomance/instance_scholomance.cpp" />
		<Unit filename="../scripts/zone/searing_gorge/searing_gorge.cpp" />
		<Unit filename="../scripts/zone/shadowfang_keep/def_shadowfang_keep.h" />
		<Unit filename="../scripts/zone/shadowfang_keep/instance_shadowfang_keep.cpp" />
		<Unit filename="../scripts/zone/shadowfang_keep/shadowfang_keep.cpp" />
		<Unit filename="../scripts/zone/shadowmoon_valley/boss_doomwalker.cpp" />
		<Unit filename="../scripts/zone/shadowmoon_valley/shadowmoon_valley.cpp" />
		<Unit filename="../scripts/zone/shattrath/shattrath_city.cpp" />
		<Unit filename="../scripts/zone/silithus/silithus.cpp" />
		<Unit filename="../scripts/zone/silvermoon/silvermoon_city.cpp" />
		<Unit filename="../scripts/zone/silverpine_forest/silverpine_forest.cpp" />
		<Unit filename="../scripts/zone/stonetalon_mountains/stonetalon_mountains.cpp" />
		<Unit filename="../scripts/zone/stormwind/stormwind_city.cpp" />
		<Unit filename="../scripts/zone/stranglethorn_vale/stranglethorn_vale.cpp" />
		<Unit filename="../scripts/zone/stratholme/boss_baron_rivendare.cpp" />
		<Unit filename="../scripts/zone/stratholme/boss_baroness_anastari.cpp" />
		<Unit filename="../scripts/zone/stratholme/boss_cannon_master_willey.cpp" />
		<Unit filename="../scripts/zone/stratholme/boss_dathrohan_balnazzar.cpp" />
		<Unit filename="../scripts/zone/stratholme/boss_magistrate_barthilas.cpp" />
		<Unit filename="../scripts/zone/stratholme/boss_maleki_the_pallid.cpp" />
		<Unit filename="../scripts/zone/stratholme/boss_nerubenkan.cpp" />
		<Unit filename="../scripts/zone/stratholme/boss_order_of_silver_hand.cpp" />
		<Unit filename="../scripts/zone/stratholme/boss_postmaster_malown.cpp" />
		<Unit filename="../scripts/zone/stratholme/boss_ramstein_the_gorger.cpp" />
		<Unit filename="../scripts/zone/stratholme/boss_timmy_the_cruel.cpp" />
		<Unit filename="../scripts/zone/stratholme/def_stratholme.h" />
		<Unit filename="../scripts/zone/stratholme/instance_stratholme.cpp" />
		<Unit filename="../scripts/zone/stratholme/stratholme.cpp" />
		<Unit filename="../scripts/zone/sunwell_plateau/boss_brutallus.cpp" />
		<Unit filename="../scripts/zone/sunwell_plateau/boss_eredar_twins.cpp" />
		<Unit filename="../scripts/zone/sunwell_plateau/boss_felmyst.cpp" />
		<Unit filename="../scripts/zone/sunwell_plateau/boss_kalecgos.cpp" />
		<Unit filename="../scripts/zone/sunwell_plateau/boss_kiljaeden.cpp" />
		<Unit filename="../scripts/zone/sunwell_plateau/boss_muru.cpp" />
		<Unit filename="../scripts/zone/sunwell_plateau/def_sunwell_plateau.h" />
		<Unit filename="../scripts/zone/sunwell_plateau/instance_sunwell_plateau.cpp" />
		<Unit filename="../scripts/zone/sunwell_plateau/sunwell_plateau.cpp" />
		<Unit filename="../scripts/zone/tanaris/tanaris.cpp" />
		<Unit filename="../scripts/zone/tempest_keep/arcatraz/arcatraz.cpp" />
		<Unit filename="../scripts/zone/tempest_keep/arcatraz/boss_harbinger_skyriss.cpp" />
		<Unit filename="../scripts/zone/tempest_keep/arcatraz/def_arcatraz.h" />
		<Unit filename="../scripts/zone/tempest_keep/arcatraz/instance_arcatraz.cpp" />
		<Unit filename="../scripts/zone/tempest_keep/botanica/boss_high_botanist_freywinn.cpp" />
		<Unit filename="../scripts/zone/tempest_keep/botanica/boss_laj.cpp" />
		<Unit filename="../scripts/zone/tempest_keep/botanica/boss_warp_splinter.cpp" />
		<Unit filename="../scripts/zone/tempest_keep/the_eye/boss_alar.cpp" />
		<Unit filename="../scripts/zone/tempest_keep/the_eye/boss_astromancer.cpp" />
		<Unit filename="../scripts/zone/tempest_keep/the_eye/boss_kaelthas.cpp" />
		<Unit filename="../scripts/zone/tempest_keep/the_eye/boss_void_reaver.cpp" />
		<Unit filename="../scripts/zone/tempest_keep/the_eye/def_the_eye.h" />
		<Unit filename="../scripts/zone/tempest_keep/the_eye/instance_the_eye.cpp" />
		<Unit filename="../scripts/zone/tempest_keep/the_eye/the_eye.cpp" />
		<Unit filename="../scripts/zone/tempest_keep/the_mechanar/boss_gatewatcher_gyrokill.cpp" />
		<Unit filename="../scripts/zone/tempest_keep/the_mechanar/boss_gatewatcher_ironhand.cpp" />
		<Unit filename="../scripts/zone/tempest_keep/the_mechanar/boss_nethermancer_sepethrea.cpp" />
		<Unit filename="../scripts/zone/tempest_keep/the_mechanar/boss_pathaleon_the_calculator.cpp" />
		<Unit filename="../scripts/zone/tempest_keep/the_mechanar/def_mechanar.h" />
		<Unit filename="../scripts/zone/tempest_keep/the_mechanar/instance_mechanar.cpp" />
		<Unit filename="../scripts/zone/temple_of_ahnqiraj/boss_bug_trio.cpp" />
		<Unit filename="../scripts/zone/temple_of_ahnqiraj/boss_cthun.cpp" />
		<Unit filename="../scripts/zone/temple_of_ahnqiraj/boss_fankriss.cpp" />
		<Unit filename="../scripts/zone/temple_of_ahnqiraj/boss_huhuran.cpp" />
		<Unit filename="../scripts/zone/temple_of_ahnqiraj/boss_ouro.cpp" />
		<Unit filename="../scripts/zone/temple_of_ahnqiraj/boss_sartura.cpp" />
		<Unit filename="../scripts/zone/temple_of_ahnqiraj/boss_skeram.cpp" />
		<Unit filename="../scripts/zone/temple_of_ahnqiraj/boss_twinemperors.cpp" />
		<Unit filename="../scripts/zone/temple_of_ahnqiraj/boss_viscidus.cpp" />
		<Unit filename="../scripts/zone/temple_of_ahnqiraj/def_temple_of_ahnqiraj.h" />
		<Unit filename="../scripts/zone/temple_of_ahnqiraj/instance_temple_of_ahnqiraj.cpp" />
		<Unit filename="../scripts/zone/temple_of_ahnqiraj/mob_anubisath_sentinel.cpp" />
		<Unit filename="../scripts/zone/terokkar_forest/terokkar_forest.cpp" />
		<Unit filename="../scripts/zone/thousand_needles/thousand_needles.cpp" />
		<Unit filename="../scripts/zone/thunder_bluff/thunder_bluff.cpp" />
		<Unit filename="../scripts/zone/tirisfal_glades/tirisfal_glades.cpp" />
		<Unit filename="../scripts/zone/uldaman/boss_archaedas.cpp" />
		<Unit filename="../scripts/zone/uldaman/boss_ironaya.cpp" />
		<Unit filename="../scripts/zone/uldaman/instance_uldaman.cpp" />
		<Unit filename="../scripts/zone/uldaman/uldaman.cpp" />
		<Unit filename="../scripts/zone/undercity/undercity.cpp" />
		<Unit filename="../scripts/zone/ungoro_crater/ungoro_crater.cpp" />
		<Unit filename="../scripts/zone/wailing_caverns/instance_wailing_caverns.cpp" />
		<Unit filename="../scripts/zone/western_plaguelands/western_plaguelands.cpp" />
		<Unit filename="../scripts/zone/westfall/westfall.cpp" />
		<Unit filename="../scripts/zone/winterspring/winterspring.cpp" />
		<Unit filename="../scripts/zone/zangarmarsh/zangarmarsh.cpp" />
		<Unit filename="../scripts/zone/zulaman/boss_akilzon.cpp" />
		<Unit filename="../scripts/zone/zulaman/boss_halazzi.cpp" />
		<Unit filename="../scripts/zone/zulaman/boss_hexlord.cpp" />
		<Unit filename="../scripts/zone/zulaman/boss_janalai.cpp" />
		<Unit filename="../scripts/zone/zulaman/boss_nalorakk.cpp" />
		<Unit filename="../scripts/zone/zulaman/boss_zuljin.cpp" />
		<Unit filename="../scripts/zone/zulaman/def_zulaman.h" />
		<Unit filename="../scripts/zone/zulaman/instance_zulaman.cpp" />
		<Unit filename="../scripts/zone/zulaman/zulaman.cpp" />
		<Unit filename="../scripts/zone/zulfarrak/zulfarrak.cpp" />
		<Unit filename="../scripts/zone/zulgurub/boss_arlokk.cpp" />
		<Unit filename="../scripts/zone/zulgurub/boss_gahzranka.cpp" />
		<Unit filename="../scripts/zone/zulgurub/boss_grilek.cpp" />
		<Unit filename="../scripts/zone/zulgurub/boss_hakkar.cpp" />
		<Unit filename="../scripts/zone/zulgurub/boss_hazzarah.cpp" />
		<Unit filename="../scripts/zone/zulgurub/boss_jeklik.cpp" />
		<Unit filename="../scripts/zone/zulgurub/boss_jindo.cpp" />
		<Unit filename="../scripts/zone/zulgurub/boss_mandokir.cpp" />
		<Unit filename="../scripts/zone/zulgurub/boss_marli.cpp" />
		<Unit filename="../scripts/zone/zulgurub/boss_renataki.cpp" />
		<Unit filename="../scripts/zone/zulgurub/boss_thekal.cpp" />
		<Unit filename="../scripts/zone/zulgurub/boss_venoxis.cpp" />
		<Unit filename="../scripts/zone/zulgurub/boss_wushoolay.cpp" />
		<Unit filename="../scripts/zone/zulgurub/def_zulgurub.h" />
		<Unit filename="../scripts/zone/zulgurub/instance_zulgurub.cpp" />
		<Unit filename="../svn_revision.h" />
		<Unit filename="../system.cpp" />
		<Unit filename="../trinityscripts.rc" />
		<Extensions>
			<envvars />
			<code_completion />
			<debugger />
			<lib_finder disable_auto="1" />
		</Extensions>
	</Project>
</CodeBlocks_project_file>
