<?xml version="1.0" encoding="UTF-8" standalone="yes" ?>
<CodeBlocks_project_file>
	<FileVersion major="1" minor="6" />
	<Project>
		<Option title="framework" />
		<Option pch_mode="2" />
		<Option compiler="gcc" />
		<Build>
			<Target title="Debug Win32">
				<Option output="./framework__Linux_Debug Win32/libframework" prefix_auto="1" extension_auto="1" />
				<Option working_dir="" />
				<Option object_output="framework__Linux_Debug Win32" />
				<Option type="2" />
				<Option compiler="gcc" />
				<Option createDefFile="1" />
				<Compiler>
					<Add option="-DWIN32" />
					<Add option="-D_DEBUG" />
					<Add option="-DTRINITY_DEBUG" />
					<Add option="-D_LIB" />
					<Add option="-W" />
					<Add option="-O0" />
					<Add directory="../../src/framework" />
					<Add directory="../../dep/ACE_wrappers" />
				</Compiler>
				<ResourceCompiler>
					<Add directory="../../src/framework" />
					<Add directory="../../dep/ACE_wrappers" />
				</ResourceCompiler>
			</Target>
			<Target title="Release Win32">
				<Option output="./framework__Linux_Release Win32/libframework" prefix_auto="1" extension_auto="1" />
				<Option working_dir="" />
				<Option object_output="framework__Linux_Release Win32" />
				<Option type="2" />
				<Option compiler="gcc" />
				<Option createDefFile="1" />
				<Compiler>
					<Add option="-DWIN32" />
					<Add option="-DNDEBUG" />
					<Add option="-D_LIB" />
					<Add option="-W" />
					<Add directory="../../src/framework" />
					<Add directory="../../dep/ACE_wrappers" />
				</Compiler>
				<ResourceCompiler>
					<Add directory="../../src/framework" />
					<Add directory="../../dep/ACE_wrappers" />
				</ResourceCompiler>
			</Target>
			<Target title="Debug x64">
				<Option output="./framework__Linux_Debug x64/libframework" prefix_auto="1" extension_auto="1" />
				<Option working_dir="" />
				<Option object_output="framework__Linux_Debug x64" />
				<Option type="2" />
				<Option compiler="gcc" />
				<Option createDefFile="1" />
				<Compiler>
					<Add option="-DWIN32" />
					<Add option="-D_DEBUG" />
					<Add option="-DTRINITY_DEBUG" />
					<Add option="-D_LIB" />
					<Add option="-W" />
					<Add option="-O0" />
					<Add directory="../../src/framework" />
					<Add directory="../../dep/ACE_wrappers" />
				</Compiler>
				<ResourceCompiler>
					<Add directory="../../src/framework" />
					<Add directory="../../dep/ACE_wrappers" />
				</ResourceCompiler>
			</Target>
			<Target title="Release x64">
				<Option output="./framework__Linux_Release x64/libframework" prefix_auto="1" extension_auto="1" />
				<Option working_dir="" />
				<Option object_output="framework__Linux_Release x64" />
				<Option type="2" />
				<Option compiler="gcc" />
				<Option createDefFile="1" />
				<Compiler>
					<Add option="-DWIN32" />
					<Add option="-DNDEBUG" />
					<Add option="-D_LIB" />
					<Add option="-W" />
					<Add directory="../../src/framework" />
					<Add directory="../../dep/ACE_wrappers" />
				</Compiler>
				<ResourceCompiler>
					<Add directory="../../src/framework" />
					<Add directory="../../dep/ACE_wrappers" />
				</ResourceCompiler>
			</Target>
			<Target title="Linux Debug x64">
				<Option platforms="Unix;" />
				<Option output="./framework__Linux_Debug x64/libframework" prefix_auto="1" extension_auto="1" />
				<Option working_dir="" />
				<Option object_output="framework__Linux_Debug x64" />
				<Option type="2" />
				<Option compiler="gcc" />
				<Option createDefFile="1" />
				<Compiler>
					<Add option="-DWIN32" />
					<Add option="-D_DEBUG" />
					<Add option="-DTRINITY_DEBUG" />
					<Add option="-D_LIB" />
					<Add option="-W" />
					<Add option="-O0" />
					<Add directory="../../src/framework" />
					<Add directory="../../dep/ACE_wrappers" />
				</Compiler>
				<ResourceCompiler>
					<Add directory="../../src/framework" />
					<Add directory="../../dep/ACE_wrappers" />
				</ResourceCompiler>
			</Target>
			<Target title="Linux Release x64">
				<Option platforms="Unix;" />
				<Option output="./framework__Linux_Release x64/libframework" prefix_auto="1" extension_auto="1" />
				<Option working_dir="" />
				<Option object_output="framework__Linux_Release x64" />
				<Option type="2" />
				<Option compiler="gcc" />
				<Option createDefFile="1" />
				<Compiler>
					<Add option="-O3" />
					<Add option="-W" />
					<Add option="-ggdb" />
					<Add option="-ffast-math" />
					<Add option="-msse3" />
					<Add option="-fomit-frame-pointer" />
					<Add option="-fno-delete-null-pointer-checks" />
					<Add option="-ftracer" />
					<Add option="-fno-strict-aliasing" />
					<Add option="-fno-math-errno" />
					<Add option="-funsafe-math-optimizations" />
					<Add option="-funroll-loops" />
					<Add option="-DNDEBUG" />
					<Add option="-D_LIB" />
					<Add directory="../../src/framework" />
					<Add directory="../../dep/ACE_wrappers" />
				</Compiler>
				<ResourceCompiler>
					<Add directory="../../src/framework" />
					<Add directory="../../dep/ACE_wrappers" />
				</ResourceCompiler>
			</Target>
		</Build>
		<Unit filename="../../src/framework/Dynamic/FactoryHolder.h" />
		<Unit filename="../../src/framework/Dynamic/ObjectRegistry.h" />
		<Unit filename="../../src/framework/GameSystem/Grid.h" />
		<Unit filename="../../src/framework/GameSystem/GridLoader.h" />
		<Unit filename="../../src/framework/GameSystem/GridRefManager.h" />
		<Unit filename="../../src/framework/GameSystem/GridReference.h" />
		<Unit filename="../../src/framework/GameSystem/NGrid.h" />
		<Unit filename="../../src/framework/GameSystem/TypeContainer.h" />
		<Unit filename="../../src/framework/GameSystem/TypeContainerFunctions.h" />
		<Unit filename="../../src/framework/GameSystem/TypeContainerVisitor.h" />
		<Unit filename="../../src/framework/Network/SocketDefines.h" />
		<Unit filename="../../src/framework/Platform/CompilerDefs.h" />
		<Unit filename="../../src/framework/Platform/Define.h" />
		<Unit filename="../../src/framework/Policies/CreationPolicy.h" />
		<Unit filename="../../src/framework/Policies/ObjectLifeTime.cpp" />
		<Unit filename="../../src/framework/Policies/ObjectLifeTime.h" />
		<Unit filename="../../src/framework/Policies/Singleton.h" />
		<Unit filename="../../src/framework/Policies/SingletonImp.h" />
		<Unit filename="../../src/framework/Policies/ThreadingModel.h" />
		<Unit filename="../../src/framework/Utilities/ByteConverter.h" />
		<Unit filename="../../src/framework/Utilities/Callback.h" />
		<Unit filename="../../src/framework/Utilities/CountedReference/Reference.h" />
		<Unit filename="../../src/framework/Utilities/CountedReference/ReferenceHolder.h" />
		<Unit filename="../../src/framework/Utilities/CountedReference/ReferenceImpl.h" />
		<Unit filename="../../src/framework/Utilities/EventProcessor.cpp" />
		<Unit filename="../../src/framework/Utilities/EventProcessor.h" />
		<Unit filename="../../src/framework/Utilities/LinkedList.h" />
		<Unit filename="../../src/framework/Utilities/LinkedReference/RefManager.h" />
		<Unit filename="../../src/framework/Utilities/LinkedReference/Reference.h" />
		<Unit filename="../../src/framework/Utilities/TypeList.h" />
		<Unit filename="../../src/framework/Utilities/UnorderedMap.h" />
		<Extensions>
			<envvars />
			<code_completion />
			<debugger />
			<lib_finder disable_auto="1" />
		</Extensions>
	</Project>
</CodeBlocks_project_file>
