<?xml version="1.0" encoding="UTF-8" standalone="yes" ?>
<CodeBlocks_project_file>
	<FileVersion major="1" minor="6" />
	<Project>
		<Option title="g3dlite" />
		<Option pch_mode="2" />
		<Option compiler="gcc" />
		<Build>
			<Target title="Debug Win32">
				<Option output="./g3dlite__Linux_Debug Win32/libg3dlite" prefix_auto="1" extension_auto="1" />
				<Option working_dir="" />
				<Option object_output="g3dlite__Linux_Debug Win32" />
				<Option type="2" />
				<Option compiler="gcc" />
				<Option createDefFile="1" />
				<Compiler>
					<Add option="-DWIN32" />
					<Add option="-D_DEBUG" />
					<Add option="-D_CONSOLE" />
					<Add option="-W" />
					<Add option="-g" />
					<Add option="-O0" />
					<Add directory="../../dep/include/g3dlite" />
				</Compiler>
				<ResourceCompiler>
					<Add directory="../../dep/include/g3dlite" />
				</ResourceCompiler>
			</Target>
			<Target title="Release Win32">
				<Option output="./g3dlite__Linux_Release Win32/libg3dlite" prefix_auto="1" extension_auto="1" />
				<Option working_dir="" />
				<Option object_output="g3dlite__Linux_Release Win32" />
				<Option type="2" />
				<Option compiler="gcc" />
				<Option createDefFile="1" />
				<Compiler>
					<Add option="-DWIN32" />
					<Add option="-DNDEBUG" />
					<Add option="-D_CONSOLE" />
					<Add option="-W" />
					<Add directory="../../dep/include/g3dlite" />
				</Compiler>
				<ResourceCompiler>
					<Add directory="../../dep/include/g3dlite" />
				</ResourceCompiler>
			</Target>
			<Target title="Debug x64">
				<Option output="./g3dlite__Linux_Debug x64/libg3dlite" prefix_auto="1" extension_auto="1" />
				<Option working_dir="" />
				<Option object_output="g3dlite__Linux_Debug x64" />
				<Option type="2" />
				<Option compiler="gcc" />
				<Option createDefFile="1" />
				<Compiler>
					<Add option="-DWIN32" />
					<Add option="-D_DEBUG" />
					<Add option="-D_CONSOLE" />
					<Add option="-W" />
					<Add option="-O0" />
					<Add directory="../../dep/include/g3dlite" />
				</Compiler>
				<ResourceCompiler>
					<Add directory="../../dep/include/g3dlite" />
				</ResourceCompiler>
			</Target>
			<Target title="Release x64">
				<Option output="./g3dlite__Linux_Release x64/libg3dlite" prefix_auto="1" extension_auto="1" />
				<Option working_dir="" />
				<Option object_output="g3dlite__Linux_Release x64" />
				<Option type="2" />
				<Option compiler="gcc" />
				<Option createDefFile="1" />
				<Compiler>
					<Add option="-DWIN32" />
					<Add option="-DNDEBUG" />
					<Add option="-D_CONSOLE" />
					<Add option="-W" />
					<Add directory="../../dep/include/g3dlite" />
				</Compiler>
				<ResourceCompiler>
					<Add directory="../../dep/include/g3dlite" />
				</ResourceCompiler>
			</Target>
			<Target title="Linux Debug x64">
				<Option platforms="Unix;" />
				<Option output="./g3dlite__Linux_Debug x64/libg3dlite" prefix_auto="1" extension_auto="1" />
				<Option working_dir="" />
				<Option object_output="g3dlite__Linux_Debug x64" />
				<Option type="2" />
				<Option compiler="gcc" />
				<Option createDefFile="1" />
				<Compiler>
					<Add option="-DWIN32" />
					<Add option="-D_DEBUG" />
					<Add option="-D_CONSOLE" />
					<Add option="-W" />
					<Add option="-O0" />
					<Add directory="../../dep/include/g3dlite" />
				</Compiler>
				<ResourceCompiler>
					<Add directory="../../dep/include/g3dlite" />
				</ResourceCompiler>
			</Target>
			<Target title="Linux Release x64">
				<Option platforms="Unix;" />
				<Option output="./g3dlite__Linux_Release x64/libg3dlite" prefix_auto="1" extension_auto="1" />
				<Option working_dir="" />
				<Option object_output="g3dlite__Linux_Release x64" />
				<Option type="2" />
				<Option compiler="gcc" />
				<Option createDefFile="1" />
				<Compiler>
					<Add option="-O3" />
					<Add option="-W" />
					<Add option="-ggdb" />
					<Add option="-ffast-math" />
					<Add option="-msse3" />
					<Add option="-fomit-frame-pointer" />
					<Add option="-fno-delete-null-pointer-checks" />
					<Add option="-ftracer" />
					<Add option="-fno-strict-aliasing" />
					<Add option="-fno-math-errno" />
					<Add option="-funsafe-math-optimizations" />
					<Add option="-funroll-loops" />
					<Add option="-DNDEBUG" />
					<Add option="-D_CONSOLE" />
					<Add directory="../../dep/include/g3dlite" />
				</Compiler>
				<ResourceCompiler>
					<Add directory="../../dep/include/g3dlite" />
				</ResourceCompiler>
			</Target>
		</Build>
		<Unit filename="../../dep/include/g3dlite/G3D/AABox.h" />
		<Unit filename="../../dep/include/g3dlite/G3D/Array.h" />
		<Unit filename="../../dep/include/g3dlite/G3D/Box.h" />
		<Unit filename="../../dep/include/g3dlite/G3D/CollisionDetection.h" />
		<Unit filename="../../dep/include/g3dlite/G3D/CoordinateFrame.h" />
		<Unit filename="../../dep/include/g3dlite/G3D/Crypto.h" />
		<Unit filename="../../dep/include/g3dlite/G3D/GCamera.h" />
		<Unit filename="../../dep/include/g3dlite/G3D/Line.h" />
		<Unit filename="../../dep/include/g3dlite/G3D/Matrix3.h" />
		<Unit filename="../../dep/include/g3dlite/G3D/Plane.h" />
		<Unit filename="../../dep/include/g3dlite/G3D/Quat.h" />
		<Unit filename="../../dep/include/g3dlite/G3D/Quat.inl" />
		<Unit filename="../../dep/include/g3dlite/G3D/Ray.h" />
		<Unit filename="../../dep/include/g3dlite/G3D/RegistryUtil.h" />
		<Unit filename="../../dep/include/g3dlite/G3D/Sphere.h" />
		<Unit filename="../../dep/include/g3dlite/G3D/System.h" />
		<Unit filename="../../dep/include/g3dlite/G3D/Table.h" />
		<Unit filename="../../dep/include/g3dlite/G3D/Triangle.h" />
		<Unit filename="../../dep/include/g3dlite/G3D/Vector2.h" />
		<Unit filename="../../dep/include/g3dlite/G3D/Vector2.inl" />
		<Unit filename="../../dep/include/g3dlite/G3D/Vector2int16.h" />
		<Unit filename="../../dep/include/g3dlite/G3D/Vector3.h" />
		<Unit filename="../../dep/include/g3dlite/G3D/Vector3.inl" />
		<Unit filename="../../dep/include/g3dlite/G3D/Vector3int16.h" />
		<Unit filename="../../dep/include/g3dlite/G3D/Vector4.h" />
		<Unit filename="../../dep/include/g3dlite/G3D/Vector4.inl" />
		<Unit filename="../../dep/include/g3dlite/G3D/debug.h" />
		<Unit filename="../../dep/include/g3dlite/G3D/format.h" />
		<Unit filename="../../dep/include/g3dlite/G3D/g3dmath.h" />
		<Unit filename="../../dep/include/g3dlite/G3D/g3dmath.inl" />
		<Unit filename="../../dep/include/g3dlite/G3D/platform.h" />
		<Unit filename="../../dep/include/g3dlite/G3D/stringutils.h" />
		<Unit filename="../../dep/src/g3dlite/AABox.cpp" />
		<Unit filename="../../dep/src/g3dlite/Box.cpp" />
		<Unit filename="../../dep/src/g3dlite/Crypto.cpp" />
		<Unit filename="../../dep/src/g3dlite/Matrix3.cpp" />
		<Unit filename="../../dep/src/g3dlite/Plane.cpp" />
		<Unit filename="../../dep/src/g3dlite/System.cpp" />
		<Unit filename="../../dep/src/g3dlite/Triangle.cpp" />
		<Unit filename="../../dep/src/g3dlite/Vector3.cpp" />
		<Unit filename="../../dep/src/g3dlite/Vector4.cpp" />
		<Unit filename="../../dep/src/g3dlite/format.cpp" />
		<Extensions>
			<envvars />
			<code_completion />
			<debugger />
			<lib_finder disable_auto="1" />
		</Extensions>
	</Project>
</CodeBlocks_project_file>
