<?xml version="1.0" encoding="UTF-8" standalone="yes" ?>
<CodeBlocks_project_file>
	<FileVersion major="1" minor="6" />
	<Project>
		<Option title="game" />
		<Option pch_mode="2" />
		<Option compiler="gcc" />
		<Build>
			<Target title="Debug Win32">
				<Option output="./game__Linux_Debug Win32/libgame" prefix_auto="1" extension_auto="1" />
				<Option working_dir="" />
				<Option object_output="game__Linux_Debug Win32" />
				<Option type="2" />
				<Option compiler="gcc" />
				<Option createDefFile="1" />
				<Compiler>
					<Add option="-DWIN32" />
					<Add option="-D_DEBUG" />
					<Add option="-DTRINITY_DEBUG" />
					<Add option="-D_LIB" />
					<Add option="-W" />
					<Add option="-O0" />
					<Add directory="../../dep/include" />
					<Add directory="../../src/framework" />
					<Add directory="../../src/shared" />
					<Add directory="../../src/shared/vmap" />
					<Add directory="../../dep/ACE_wrappers" />
				</Compiler>
				<ResourceCompiler>
					<Add directory="../../dep/include" />
					<Add directory="../../src/framework" />
					<Add directory="../../src/shared" />
					<Add directory="../../src/shared/vmap" />
					<Add directory="../../dep/ACE_wrappers" />
				</ResourceCompiler>
				<Linker>
					<Add library="./shared__Linux_Debug" />
					<Add library="Win32/shared" />
				</Linker>
			</Target>
			<Target title="Release Win32">
				<Option output="./game__Linux_Release Win32/libgame" prefix_auto="1" extension_auto="1" />
				<Option working_dir="" />
				<Option object_output="game__Linux_Release Win32" />
				<Option type="2" />
				<Option compiler="gcc" />
				<Option createDefFile="1" />
				<Compiler>
					<Add option="-DWIN32" />
					<Add option="-DNDEBUG" />
					<Add option="-D_LIB" />
					<Add option="-W" />
					<Add directory="../../dep/include" />
					<Add directory="../../src/framework" />
					<Add directory="../../src/shared" />
					<Add directory="../../src/shared/vmap" />
					<Add directory="../../dep/ACE_wrappers" />
				</Compiler>
				<ResourceCompiler>
					<Add directory="../../dep/include" />
					<Add directory="../../src/framework" />
					<Add directory="../../src/shared" />
					<Add directory="../../src/shared/vmap" />
					<Add directory="../../dep/ACE_wrappers" />
				</ResourceCompiler>
				<Linker>
					<Add library="./shared__Linux_Release" />
					<Add library="Win32/shared" />
				</Linker>
			</Target>
			<Target title="Debug x64">
				<Option output="./game__Linux_Debug x64/libgame" prefix_auto="1" extension_auto="1" />
				<Option working_dir="" />
				<Option object_output="game__Linux_Debug x64" />
				<Option type="2" />
				<Option compiler="gcc" />
				<Option createDefFile="1" />
				<Compiler>
					<Add option="-DWIN32" />
					<Add option="-D_DEBUG" />
					<Add option="-DTRINITY_DEBUG" />
					<Add option="-D_LIB" />
					<Add option="-W" />
					<Add option="-O0" />
					<Add directory="../../dep/include" />
					<Add directory="../../src/framework" />
					<Add directory="../../src/shared" />
					<Add directory="../../src/shared/vmap" />
					<Add directory="../../dep/ACE_wrappers" />
				</Compiler>
				<ResourceCompiler>
					<Add directory="../../dep/include" />
					<Add directory="../../src/framework" />
					<Add directory="../../src/shared" />
					<Add directory="../../src/shared/vmap" />
					<Add directory="../../dep/ACE_wrappers" />
				</ResourceCompiler>
				<Linker>
					<Add library="./shared__Linux_Debug" />
					<Add library="x64/shared" />
				</Linker>
			</Target>
			<Target title="Release x64">
				<Option output="./game__Linux_Release x64/libgame" prefix_auto="1" extension_auto="1" />
				<Option working_dir="" />
				<Option object_output="game__Linux_Release x64" />
				<Option type="2" />
				<Option compiler="gcc" />
				<Option createDefFile="1" />
				<Compiler>
					<Add option="-DWIN32" />
					<Add option="-DNDEBUG" />
					<Add option="-D_LIB" />
					<Add option="-W" />
					<Add directory="../../dep/include" />
					<Add directory="../../src/framework" />
					<Add directory="../../src/shared" />
					<Add directory="../../src/shared/vmap" />
					<Add directory="../../dep/ACE_wrappers" />
				</Compiler>
				<ResourceCompiler>
					<Add directory="../../dep/include" />
					<Add directory="../../src/framework" />
					<Add directory="../../src/shared" />
					<Add directory="../../src/shared/vmap" />
					<Add directory="../../dep/ACE_wrappers" />
				</ResourceCompiler>
				<Linker>
					<Add library="./shared__Linux_Release" />
					<Add library="x64/shared" />
				</Linker>
			</Target>
			<Target title="Linux Debug x64">
				<Option platforms="Unix;" />
				<Option output="./game__Linux_Debug x64/libgame" prefix_auto="1" extension_auto="1" />
				<Option working_dir="" />
				<Option object_output="game__Linux_Debug x64" />
				<Option type="2" />
				<Option compiler="gcc" />
				<Option createDefFile="1" />
				<Compiler>
					<Add option="-W" />
					<Add option="-O0" />
					<Add option="-DWIN32" />
					<Add option="-D_DEBUG" />
					<Add option="-DTRINITY_DEBUG" />
					<Add option="-D_LIB" />
					<Add directory="../../dep/include" />
					<Add directory="../../src/framework" />
					<Add directory="../../src/shared" />
					<Add directory="../../src/shared/vmap" />
					<Add directory="../../dep/ACE_wrappers" />
					<Add directory="../../src/shared/Database" />
					<Add directory="/usr/include/mysql" />
				</Compiler>
				<ResourceCompiler>
					<Add directory="../../dep/include" />
					<Add directory="../../src/framework" />
					<Add directory="../../src/shared" />
					<Add directory="../../src/shared/vmap" />
					<Add directory="../../dep/ACE_wrappers" />
				</ResourceCompiler>
				<Linker>
					<Add library="./shared__Linux_Debug" />
					<Add library="x64/shared" />
				</Linker>
			</Target>
			<Target title="Linux Release x64">
				<Option platforms="Unix;" />
				<Option output="./game__Linux_Release x64/libgame" prefix_auto="1" extension_auto="1" />
				<Option working_dir="" />
				<Option object_output="game__Linux_Release x64" />
				<Option type="2" />
				<Option compiler="gcc" />
				<Option createDefFile="1" />
				<Compiler>
					<Add option="-fomit-frame-pointer" />
					<Add option="-O3" />
					<Add option="-W" />
					<Add option="-ggdb" />
					<Add option="-ffast-math" />
					<Add option="-msse3" />
					<Add option="-fno-delete-null-pointer-checks" />
					<Add option="-ftracer" />
					<Add option="-fno-strict-aliasing" />
					<Add option="-fno-math-errno" />
					<Add option="-funsafe-math-optimizations" />
					<Add option="-funroll-loops" />
					<Add option="-DNDEBUG" />
					<Add option="-D_LIB" />
					<Add option="-DCODEBLOCKS" />
					<Add directory="../../dep/include" />
					<Add directory="../../src/framework" />
					<Add directory="../../src/shared" />
					<Add directory="../../src/shared/vmap" />
					<Add directory="../../dep/ACE_wrappers" />
					<Add directory="../../src/shared/Database" />
					<Add directory="/usr/include/mysql" />
				</Compiler>
				<ResourceCompiler>
					<Add directory="../../dep/include" />
					<Add directory="../../src/framework" />
					<Add directory="../../src/shared" />
					<Add directory="../../src/shared/vmap" />
					<Add directory="../../dep/ACE_wrappers" />
				</ResourceCompiler>
				<Linker>
					<Add library="libshared" />
					<Add directory="shared__Linux_Release x64" />
				</Linker>
			</Target>
		</Build>
		<Unit filename="../../src/game/AccountMgr.cpp" />
		<Unit filename="../../src/game/AccountMgr.h" />
		<Unit filename="../../src/game/AddonHandler.cpp" />
		<Unit filename="../../src/game/AddonHandler.h" />
		<Unit filename="../../src/game/AggressorAI.cpp" />
		<Unit filename="../../src/game/AggressorAI.h" />
		<Unit filename="../../src/game/AnimalRandomMovementGenerator.h" />
		<Unit filename="../../src/game/AntiCheat.h" />
		<Unit filename="../../src/game/ArenaTeam.cpp" />
		<Unit filename="../../src/game/ArenaTeam.h" />
		<Unit filename="../../src/game/ArenaTeamHandler.cpp" />
		<Unit filename="../../src/game/AuctionHouseBot.cpp" />
		<Unit filename="../../src/game/AuctionHouseBot.h" />
		<Unit filename="../../src/game/AuctionHouseHandler.cpp" />
		<Unit filename="../../src/game/AuctionHouseMgr.cpp" />
		<Unit filename="../../src/game/AuctionHouseMgr.h" />
		<Unit filename="../../src/game/Bag.cpp" />
		<Unit filename="../../src/game/Bag.h" />
		<Unit filename="../../src/game/BattleGround.cpp" />
		<Unit filename="../../src/game/BattleGround.h" />
		<Unit filename="../../src/game/BattleGroundAA.cpp" />
		<Unit filename="../../src/game/BattleGroundAA.h" />
		<Unit filename="../../src/game/BattleGroundAB.cpp" />
		<Unit filename="../../src/game/BattleGroundAB.h" />
		<Unit filename="../../src/game/BattleGroundAV.cpp" />
		<Unit filename="../../src/game/BattleGroundAV.h" />
		<Unit filename="../../src/game/BattleGroundBE.cpp" />
		<Unit filename="../../src/game/BattleGroundBE.h" />
		<Unit filename="../../src/game/BattleGroundEY.cpp" />
		<Unit filename="../../src/game/BattleGroundEY.h" />
		<Unit filename="../../src/game/BattleGroundHandler.cpp" />
		<Unit filename="../../src/game/BattleGroundMgr.cpp" />
		<Unit filename="../../src/game/BattleGroundMgr.h" />
		<Unit filename="../../src/game/BattleGroundNA.cpp" />
		<Unit filename="../../src/game/BattleGroundNA.h" />
		<Unit filename="../../src/game/BattleGroundRL.cpp" />
		<Unit filename="../../src/game/BattleGroundRL.h" />
		<Unit filename="../../src/game/BattleGroundWS.cpp" />
		<Unit filename="../../src/game/BattleGroundWS.h" />
		<Unit filename="../../src/game/Cell.h" />
		<Unit filename="../../src/game/CellImpl.h" />
		<Unit filename="../../src/game/Channel.cpp" />
		<Unit filename="../../src/game/Channel.h" />
		<Unit filename="../../src/game/ChannelHandler.cpp" />
		<Unit filename="../../src/game/ChannelMgr.h" />
		<Unit filename="../../src/game/CharacterHandler.cpp" />
		<Unit filename="../../src/game/Chat.cpp" />
		<Unit filename="../../src/game/Chat.h" />
		<Unit filename="../../src/game/ChatHandler.cpp" />
		<Unit filename="../../src/game/CombatHandler.cpp" />
		<Unit filename="../../src/game/ConfusedMovementGenerator.cpp" />
		<Unit filename="../../src/game/ConfusedMovementGenerator.h" />
		<Unit filename="../../src/game/Corpse.cpp" />
		<Unit filename="../../src/game/Corpse.h" />
		<Unit filename="../../src/game/Creature.cpp" />
		<Unit filename="../../src/game/Creature.h" />
		<Unit filename="../../src/game/CreatureAI.cpp" />
		<Unit filename="../../src/game/CreatureAI.h" />
		<Unit filename="../../src/game/CreatureAIImpl.h" />
		<Unit filename="../../src/game/CreatureAIRegistry.cpp" />
		<Unit filename="../../src/game/CreatureAIRegistry.h" />
		<Unit filename="../../src/game/CreatureAISelector.cpp" />
		<Unit filename="../../src/game/CreatureAISelector.h" />
		<Unit filename="../../src/game/CreatureGroups.cpp" />
		<Unit filename="../../src/game/CreatureGroups.h" />
		<Unit filename="../../src/game/Debugcmds.cpp" />
		<Unit filename="../../src/game/DestinationHolder.cpp" />
		<Unit filename="../../src/game/DestinationHolder.h" />
		<Unit filename="../../src/game/DestinationHolderImp.h" />
		<Unit filename="../../src/game/DuelHandler.cpp" />
		<Unit filename="../../src/game/DynamicObject.cpp" />
		<Unit filename="../../src/game/DynamicObject.h" />
		<Unit filename="../../src/game/FleeingMovementGenerator.cpp" />
		<Unit filename="../../src/game/FleeingMovementGenerator.h" />
		<Unit filename="../../src/game/FollowerRefManager.h" />
		<Unit filename="../../src/game/FollowerReference.cpp" />
		<Unit filename="../../src/game/FollowerReference.h" />
		<Unit filename="../../src/game/Formulas.h" />
		<Unit filename="../../src/game/GameEvent.cpp" />
		<Unit filename="../../src/game/GameEvent.h" />
		<Unit filename="../../src/game/GameObject.cpp" />
		<Unit filename="../../src/game/GameObject.h" />
		<Unit filename="../../src/game/GlobalEvents.cpp" />
		<Unit filename="../../src/game/GlobalEvents.h" />
		<Unit filename="../../src/game/GossipDef.cpp" />
		<Unit filename="../../src/game/GossipDef.h" />
		<Unit filename="../../src/game/GridDefines.h" />
		<Unit filename="../../src/game/GridNotifiers.cpp" />
		<Unit filename="../../src/game/GridNotifiers.h" />
		<Unit filename="../../src/game/GridNotifiersImpl.h" />
		<Unit filename="../../src/game/GridStates.cpp" />
		<Unit filename="../../src/game/GridStates.h" />
		<Unit filename="../../src/game/Group.cpp" />
		<Unit filename="../../src/game/Group.h" />
		<Unit filename="../../src/game/GroupHandler.cpp" />
		<Unit filename="../../src/game/GroupRefManager.h" />
		<Unit filename="../../src/game/GroupReference.cpp" />
		<Unit filename="../../src/game/GroupReference.h" />
		<Unit filename="../../src/game/GuardAI.cpp" />
		<Unit filename="../../src/game/GuardAI.h" />
		<Unit filename="../../src/game/Guild.cpp" />
		<Unit filename="../../src/game/Guild.h" />
		<Unit filename="../../src/game/GuildHandler.cpp" />
		<Unit filename="../../src/game/HomeMovementGenerator.cpp" />
		<Unit filename="../../src/game/HomeMovementGenerator.h" />
		<Unit filename="../../src/game/HostilRefManager.cpp" />
		<Unit filename="../../src/game/HostilRefManager.h" />
		<Unit filename="../../src/game/IdleMovementGenerator.cpp" />
		<Unit filename="../../src/game/IdleMovementGenerator.h" />
		<Unit filename="../../src/game/InstanceData.cpp" />
		<Unit filename="../../src/game/InstanceData.h" />
		<Unit filename="../../src/game/InstanceSaveMgr.cpp" />
		<Unit filename="../../src/game/InstanceSaveMgr.h" />
		<Unit filename="../../src/game/Item.cpp" />
		<Unit filename="../../src/game/Item.h" />
		<Unit filename="../../src/game/ItemEnchantmentMgr.cpp" />
		<Unit filename="../../src/game/ItemEnchantmentMgr.h" />
		<Unit filename="../../src/game/ItemHandler.cpp" />
		<Unit filename="../../src/game/ItemPrototype.h" />
		<Unit filename="../../src/game/LFGHandler.cpp" />
		<Unit filename="../../src/game/Language.h" />
		<Unit filename="../../src/game/Level0.cpp" />
		<Unit filename="../../src/game/Level1.cpp" />
		<Unit filename="../../src/game/Level2.cpp" />
		<Unit filename="../../src/game/Level3.cpp" />
		<Unit filename="../../src/game/LootHandler.cpp" />
		<Unit filename="../../src/game/LootMgr.cpp" />
		<Unit filename="../../src/game/LootMgr.h" />
		<Unit filename="../../src/game/Mail.cpp" />
		<Unit filename="../../src/game/Mail.h" />
		<Unit filename="../../src/game/Map.cpp" />
		<Unit filename="../../src/game/Map.h" />
		<Unit filename="../../src/game/MapInstanced.cpp" />
		<Unit filename="../../src/game/MapInstanced.h" />
		<Unit filename="../../src/game/MapManager.cpp" />
		<Unit filename="../../src/game/MapManager.h" />
		<Unit filename="../../src/game/MapRefManager.h" />
		<Unit filename="../../src/game/MapReference.h" />
		<Unit filename="../../src/game/MapUpdater.cpp" />
		<Unit filename="../../src/game/MapUpdater.h" />
		<Unit filename="../../src/game/MiscHandler.cpp" />
		<Unit filename="../../src/game/MotionMaster.cpp" />
		<Unit filename="../../src/game/MotionMaster.h" />
		<Unit filename="../../src/game/MovementGenerator.cpp" />
		<Unit filename="../../src/game/MovementGenerator.h" />
		<Unit filename="../../src/game/MovementGeneratorImpl.h" />
		<Unit filename="../../src/game/MovementHandler.cpp" />
		<Unit filename="../../src/game/NPCHandler.cpp" />
		<Unit filename="../../src/game/NPCHandler.h" />
		<Unit filename="../../src/game/NullCreatureAI.cpp" />
		<Unit filename="../../src/game/NullCreatureAI.h" />
		<Unit filename="../../src/game/Object.cpp" />
		<Unit filename="../../src/game/Object.h" />
		<Unit filename="../../src/game/ObjectAccessor.cpp" />
		<Unit filename="../../src/game/ObjectAccessor.h" />
		<Unit filename="../../src/game/ObjectDefines.h" />
		<Unit filename="../../src/game/ObjectGridLoader.cpp" />
		<Unit filename="../../src/game/ObjectGridLoader.h" />
		<Unit filename="../../src/game/ObjectMgr.cpp" />
		<Unit filename="../../src/game/ObjectMgr.h" />
		<Unit filename="../../src/game/Opcodes.cpp" />
		<Unit filename="../../src/game/Opcodes.h" />
		<Unit filename="../../src/game/OutdoorPvP.cpp" />
		<Unit filename="../../src/game/OutdoorPvP.h" />
		<Unit filename="../../src/game/OutdoorPvPEP.cpp" />
		<Unit filename="../../src/game/OutdoorPvPEP.h" />
		<Unit filename="../../src/game/OutdoorPvPHP.cpp" />
		<Unit filename="../../src/game/OutdoorPvPHP.h" />
		<Unit filename="../../src/game/OutdoorPvPMgr.cpp" />
		<Unit filename="../../src/game/OutdoorPvPMgr.h" />
		<Unit filename="../../src/game/OutdoorPvPNA.cpp" />
		<Unit filename="../../src/game/OutdoorPvPNA.h" />
		<Unit filename="../../src/game/OutdoorPvPObjectiveAI.cpp" />
		<Unit filename="../../src/game/OutdoorPvPObjectiveAI.h" />
		<Unit filename="../../src/game/OutdoorPvPSI.cpp" />
		<Unit filename="../../src/game/OutdoorPvPSI.h" />
		<Unit filename="../../src/game/OutdoorPvPTF.cpp" />
		<Unit filename="../../src/game/OutdoorPvPTF.h" />
		<Unit filename="../../src/game/OutdoorPvPZM.cpp" />
		<Unit filename="../../src/game/OutdoorPvPZM.h" />
		<Unit filename="../../src/game/Path.h" />
		<Unit filename="../../src/game/Pet.cpp" />
		<Unit filename="../../src/game/Pet.h" />
		<Unit filename="../../src/game/PetAI.cpp" />
		<Unit filename="../../src/game/PetAI.h" />
		<Unit filename="../../src/game/PetHandler.cpp" />
		<Unit filename="../../src/game/PetitionsHandler.cpp" />
		<Unit filename="../../src/game/Player.cpp" />
		<Unit filename="../../src/game/Player.h" />
		<Unit filename="../../src/game/PlayerAI.cpp" />
		<Unit filename="../../src/game/PlayerAI.h" />
		<Unit filename="../../src/game/PlayerDump.cpp" />
		<Unit filename="../../src/game/PlayerDump.h" />
		<Unit filename="../../src/game/PointMovementGenerator.cpp" />
		<Unit filename="../../src/game/PointMovementGenerator.h" />
		<Unit filename="../../src/game/PossessedAI.cpp" />
		<Unit filename="../../src/game/PossessedAI.h" />
		<Unit filename="../../src/game/QueryHandler.cpp" />
		<Unit filename="../../src/game/QuestDef.cpp" />
		<Unit filename="../../src/game/QuestDef.h" />
		<Unit filename="../../src/game/QuestHandler.cpp" />
		<Unit filename="../../src/game/RandomMovementGenerator.cpp" />
		<Unit filename="../../src/game/RandomMovementGenerator.h" />
		<Unit filename="../../src/game/ReactorAI.cpp" />
		<Unit filename="../../src/game/ReactorAI.h" />
		<Unit filename="../../src/game/ScriptCalls.cpp" />
		<Unit filename="../../src/game/ScriptCalls.h" />
		<Unit filename="../../src/game/SharedDefines.h" />
		<Unit filename="../../src/game/SkillDiscovery.cpp" />
		<Unit filename="../../src/game/SkillDiscovery.h" />
		<Unit filename="../../src/game/SkillExtraItems.cpp" />
		<Unit filename="../../src/game/SkillExtraItems.h" />
		<Unit filename="../../src/game/SkillHandler.cpp" />
		<Unit filename="../../src/game/SocialMgr.cpp" />
		<Unit filename="../../src/game/SocialMgr.h" />
		<Unit filename="../../src/game/Spell.cpp" />
		<Unit filename="../../src/game/Spell.h" />
		<Unit filename="../../src/game/SpellAuraDefines.h" />
		<Unit filename="../../src/game/SpellAuras.cpp" />
		<Unit filename="../../src/game/SpellAuras.h" />
		<Unit filename="../../src/game/SpellEffects.cpp" />
		<Unit filename="../../src/game/SpellHandler.cpp" />
		<Unit filename="../../src/game/SpellMgr.cpp" />
		<Unit filename="../../src/game/SpellMgr.h" />
		<Unit filename="../../src/game/StatSystem.cpp" />
		<Unit filename="../../src/game/TargetedMovementGenerator.cpp" />
		<Unit filename="../../src/game/TargetedMovementGenerator.h" />
		<Unit filename="../../src/game/TaxiHandler.cpp" />
		<Unit filename="../../src/game/TemporarySummon.cpp" />
		<Unit filename="../../src/game/TemporarySummon.h" />
		<Unit filename="../../src/game/ThreatManager.cpp" />
		<Unit filename="../../src/game/ThreatManager.h" />
		<Unit filename="../../src/game/TicketHandler.cpp" />
		<Unit filename="../../src/game/TicketMgr.cpp" />
		<Unit filename="../../src/game/TicketMgr.h" />
		<Unit filename="../../src/game/Tools.cpp" />
		<Unit filename="../../src/game/Tools.h" />
		<Unit filename="../../src/game/Totem.cpp" />
		<Unit filename="../../src/game/Totem.h" />
		<Unit filename="../../src/game/TotemAI.cpp" />
		<Unit filename="../../src/game/TotemAI.h" />
		<Unit filename="../../src/game/TradeHandler.cpp" />
		<Unit filename="../../src/game/Transports.cpp" />
		<Unit filename="../../src/game/Transports.h" />
		<Unit filename="../../src/game/Traveller.h" />
		<Unit filename="../../src/game/Unit.cpp" />
		<Unit filename="../../src/game/Unit.h" />
		<Unit filename="../../src/game/UnitEvents.h" />
		<Unit filename="../../src/game/UpdateData.cpp" />
		<Unit filename="../../src/game/UpdateData.h" />
		<Unit filename="../../src/game/UpdateFields.h" />
		<Unit filename="../../src/game/UpdateMask.h" />
		<Unit filename="../../src/game/VoiceChatHandler.cpp" />
		<Unit filename="../../src/game/WaypointManager.cpp" />
		<Unit filename="../../src/game/WaypointManager.h" />
		<Unit filename="../../src/game/WaypointMovementGenerator.cpp" />
		<Unit filename="../../src/game/WaypointMovementGenerator.h" />
		<Unit filename="../../src/game/Weather.cpp" />
		<Unit filename="../../src/game/Weather.h" />
		<Unit filename="../../src/game/World.cpp" />
		<Unit filename="../../src/game/World.h" />
		<Unit filename="../../src/game/WorldLog.cpp" />
		<Unit filename="../../src/game/WorldLog.h" />
		<Unit filename="../../src/game/WorldSession.cpp" />
		<Unit filename="../../src/game/WorldSession.h" />
		<Unit filename="../../src/game/WorldSocket.cpp" />
		<Unit filename="../../src/game/WorldSocket.h" />
		<Unit filename="../../src/game/WorldSocketMgr.cpp" />
		<Unit filename="../../src/game/WorldSocketMgr.h" />
		<Extensions>
			<envvars />
			<code_completion />
			<debugger />
			<lib_finder disable_auto="1" />
		</Extensions>
	</Project>
</CodeBlocks_project_file>
