<?xml version="1.0" encoding="UTF-8" standalone="yes" ?>
<CodeBlocks_project_file>
	<FileVersion major="1" minor="6" />
	<Project>
		<Option title="ScriptsInterfaces" />
		<Option pch_mode="2" />
		<Option compiler="gcc" />
		<Build>
			<Target title="Debug Win32">
				<Option output="../../bin/Linux_Debug Win32/TrinityScript" prefix_auto="1" extension_auto="1" />
				<Option object_output="script__Linux_Debug Win32" />
				<Option type="3" />
				<Option compiler="gcc" />
				<Option createDefFile="1" />
				<Option createStaticLib="1" />
				<Compiler>
					<Add option="-DWIN32" />
					<Add option="-D_DEBUG" />
					<Add option="-DTRINITY_DEBUG" />
					<Add option="-D_WINDOWS" />
					<Add option="-D_USRDLL" />
					<Add option="-DSCRIPT" />
					<Add option="-W" />
					<Add option="-g" />
					<Add option="-O0" />
					<Add directory="../../src/shared" />
					<Add directory="../../src/framework" />
					<Add directory="../../dep/include" />
				</Compiler>
				<ResourceCompiler>
					<Add directory="../../src/shared" />
					<Add directory="../../src/framework" />
					<Add directory="../../dep/include" />
				</ResourceCompiler>
				<Linker>
					<Add library="trinitycore" />
					<Add library="zlib" />
					<Add library="zthread" />
					<Add library="libmySQL" />
					<Add library="libeay32" />
					<Add library="ws2_32" />
					<Add library="winmm" />
					<Add library="odbc32" />
					<Add library="odbccp32" />
					<Add library="MSVCPRTD" />
					<Add library="msvcrtd" />
					<Add directory="./trinitycore__Linux_Debug Win32" />
					<Add directory="../../dep/lib/Linux_Debug Win32" />
					<Add directory="./zlib__Linux_Debug Win32" />
					<Add directory="./zthread__Linux_Debug Win32" />
				</Linker>
			</Target>
			<Target title="Debug x64">
				<Option output="../../bin/Linux_Debug x64/TrinityScript" prefix_auto="1" extension_auto="1" />
				<Option object_output="script__Linux_Debug x64" />
				<Option type="3" />
				<Option compiler="gcc" />
				<Option createDefFile="1" />
				<Option createStaticLib="1" />
				<Compiler>
					<Add option="-DWIN32" />
					<Add option="-D_DEBUG" />
					<Add option="-DTRINITY_DEBUG" />
					<Add option="-D_WINDOWS" />
					<Add option="-D_USRDLL" />
					<Add option="-DSCRIPT" />
					<Add option="-W" />
					<Add option="-O0" />
					<Add directory="../../src/shared" />
					<Add directory="../../src/framework" />
					<Add directory="../../dep/include" />
				</Compiler>
				<ResourceCompiler>
					<Add directory="../../src/shared" />
					<Add directory="../../src/framework" />
					<Add directory="../../dep/include" />
				</ResourceCompiler>
				<Linker>
					<Add library="trinitycore" />
					<Add library="zlib" />
					<Add library="zthread" />
					<Add library="libmySQL" />
					<Add library="libeay32" />
					<Add library="ws2_32" />
					<Add library="winmm" />
					<Add library="odbc32" />
					<Add library="odbccp32" />
					<Add library="MSVCPRTD" />
					<Add library="msvcrtd" />
					<Add directory="./trinitycore__Linux_Debug x64" />
					<Add directory="../../dep/lib/Linux_Debug x64" />
					<Add directory="./zlib__Linux_Debug x64" />
					<Add directory="./zthread__Linux_Debug x64" />
				</Linker>
			</Target>
			<Target title="Release Win32">
				<Option output="../../bin/Linux_Release Win32/TrinityScript" prefix_auto="1" extension_auto="1" />
				<Option object_output="script__Linux_Release Win32" />
				<Option type="3" />
				<Option compiler="gcc" />
				<Option createDefFile="1" />
				<Option createStaticLib="1" />
				<Compiler>
					<Add option="-DWIN32" />
					<Add option="-DNDEBUG" />
					<Add option="-D_WINDOWS" />
					<Add option="-D_USRDLL" />
					<Add option="-DSCRIPT" />
					<Add option="-W" />
					<Add directory="../../src/shared" />
					<Add directory="../../src/framework" />
					<Add directory="../../dep/include" />
				</Compiler>
				<ResourceCompiler>
					<Add directory="../../src/shared" />
					<Add directory="../../src/framework" />
					<Add directory="../../dep/include" />
				</ResourceCompiler>
				<Linker>
					<Add library="trinitycore" />
					<Add library="zlib" />
					<Add library="zthread" />
					<Add library="libmySQL" />
					<Add library="libeay32" />
					<Add library="ws2_32" />
					<Add library="winmm" />
					<Add library="odbc32" />
					<Add library="odbccp32" />
					<Add library="MSVCPRT" />
					<Add library="msvcrt" />
					<Add directory="./trinitycore__Linux_Release Win32" />
					<Add directory="../../dep/lib/Linux_Release Win32" />
					<Add directory="./zlib__Linux_Release Win32" />
					<Add directory="./zthread__Linux_Release Win32" />
				</Linker>
			</Target>
			<Target title="Release x64">
				<Option output="../../bin/Linux_Release x64/TrinityScript" prefix_auto="1" extension_auto="1" />
				<Option object_output="script__Linux_Release x64" />
				<Option type="3" />
				<Option compiler="gcc" />
				<Option createDefFile="1" />
				<Option createStaticLib="1" />
				<Compiler>
					<Add option="-DWIN32" />
					<Add option="-DNDEBUG" />
					<Add option="-D_WINDOWS" />
					<Add option="-D_USRDLL" />
					<Add option="-DSCRIPT" />
					<Add option="-W" />
					<Add directory="../../src/shared" />
					<Add directory="../../src/framework" />
					<Add directory="../../dep/include" />
				</Compiler>
				<ResourceCompiler>
					<Add directory="../../src/shared" />
					<Add directory="../../src/framework" />
					<Add directory="../../dep/include" />
				</ResourceCompiler>
				<Linker>
					<Add library="trinitycore" />
					<Add library="zlib" />
					<Add library="zthread" />
					<Add library="libmySQL" />
					<Add library="libeay32" />
					<Add library="ws2_32" />
					<Add library="winmm" />
					<Add library="odbc32" />
					<Add library="odbccp32" />
					<Add library="MSVCPRT" />
					<Add library="msvcrt" />
					<Add directory="./trinitycore__Linux_Release x64" />
					<Add directory="../../dep/lib/Linux_Release x64" />
					<Add directory="./zlib__Linux_Release x64" />
					<Add directory="./zthread__Linux_Release x64" />
				</Linker>
			</Target>
			<Target title="Linux Debug x64">
				<Option platforms="Unix;" />
				<Option output="../../bin/Linux_Debug x64/TrinityScript" prefix_auto="1" extension_auto="1" />
				<Option object_output="script__Linux_Debug x64" />
				<Option type="3" />
				<Option compiler="gcc" />
				<Option createDefFile="1" />
				<Option createStaticLib="1" />
				<Compiler>
					<Add option="-W" />
					<Add option="-O0" />
					<Add option="-DWIN32" />
					<Add option="-D_DEBUG" />
					<Add option="-DTRINITY_DEBUG" />
					<Add option="-D_WINDOWS" />
					<Add option="-D_USRDLL" />
					<Add option="-DSCRIPT" />
					<Add directory="../../src/shared" />
					<Add directory="../../src/framework" />
					<Add directory="../../dep/include" />
					<Add directory="../../src/shared/Database" />
					<Add directory="/usr/include/mysql" />
					<Add directory="../../src/game" />
				</Compiler>
				<ResourceCompiler>
					<Add directory="../../src/shared" />
					<Add directory="../../src/framework" />
					<Add directory="../../dep/include" />
				</ResourceCompiler>
				<Linker>
					<Add library="trinitycore" />
					<Add library="zlib" />
					<Add library="zthread" />
					<Add library="libmySQL" />
					<Add library="libeay32" />
					<Add library="ws2_32" />
					<Add library="winmm" />
					<Add library="odbc32" />
					<Add library="odbccp32" />
					<Add library="MSVCPRTD" />
					<Add library="msvcrtd" />
					<Add directory="./trinitycore__Linux_Debug x64" />
					<Add directory="../../dep/lib/Linux_Debug x64" />
					<Add directory="./zlib__Linux_Debug x64" />
					<Add directory="./zthread__Linux_Debug x64" />
				</Linker>
			</Target>
			<Target title="Linux Release x64">
				<Option platforms="Unix;" />
				<Option output="../../bin/Linux_Release x64/TrinityScript" prefix_auto="1" extension_auto="1" />
				<Option object_output="script__Linux_Release x64" />
				<Option type="3" />
				<Option compiler="gcc" />
				<Option createDefFile="1" />
				<Option createStaticLib="1" />
				<Compiler>
					<Add option="-fomit-frame-pointer" />
					<Add option="-O3" />
					<Add option="-W" />
					<Add option="-ggdb" />
					<Add option="-ffast-math" />
					<Add option="-msse3" />
					<Add option="-fno-delete-null-pointer-checks" />
					<Add option="-ftracer" />
					<Add option="-fno-strict-aliasing" />
					<Add option="-fno-math-errno" />
					<Add option="-funsafe-math-optimizations" />
					<Add option="-funroll-loops" />
					<Add option="-DNDEBUG" />
					<Add option="-D_USRDLL" />
					<Add option="-DSCRIPT" />
					<Add option="-DCODEBLOCKS" />
					<Add directory="../../src/shared" />
					<Add directory="../../src/framework" />
					<Add directory="../../dep/include" />
					<Add directory="../../src/shared/Database" />
					<Add directory="/usr/include/mysql" />
					<Add directory="../../src/game" />
				</Compiler>
				<ResourceCompiler>
					<Add directory="../../src/shared" />
					<Add directory="../../src/framework" />
					<Add directory="../../dep/include" />
				</ResourceCompiler>
				<Linker>
					<Add library="trinitycore" />
					<Add library="libmySQL" />
					<Add library="odbc32" />
					<Add library="odbccp32" />
					<Add directory="./trinitycore__Linux_Release x64" />
					<Add directory="../../dep/lib/Linux_Release x64" />
					<Add directory="./zlib__Linux_Release x64" />
					<Add directory="./zthread__Linux_Release x64" />
					<Add directory="./shared__Linux_Release x64" />
				</Linker>
			</Target>
		</Build>
		<Unit filename="../../src/bindings/interface/ScriptMgr.cpp" />
		<Unit filename="../../src/bindings/interface/ScriptMgr.h" />
		<Unit filename="../../src/bindings/interface/Scripts/sc_default.cpp" />
		<Unit filename="../../src/bindings/interface/Scripts/sc_defines.h" />
		<Unit filename="../../src/bindings/interface/config.h" />
		<Unit filename="../../src/bindings/interface/system.cpp" />
		<Extensions>
			<envvars />
			<code_completion />
			<debugger />
			<lib_finder disable_auto="1" />
		</Extensions>
	</Project>
</CodeBlocks_project_file>
