<?xml version="1.0" encoding="utf-8"?>
<Project ToolsVersion="4.0" xmlns="http://schemas.microsoft.com/developer/msbuild/2003">
  <ItemGroup>
    <Filter Include="Header Files">
      <UniqueIdentifier>{fd2bbf7a-b8e0-4558-b7aa-e9aba6980db7}</UniqueIdentifier>
    </Filter>
    <Filter Include="Source Files">
      <UniqueIdentifier>{abdcc66c-d0a8-46d9-8ea6-d59b92d84d12}</UniqueIdentifier>
    </Filter>
  </ItemGroup>
  <ItemGroup>
    <ClInclude Include="..\..\dep\g3dlite\include\G3D\AABox.h">
      <Filter>Header Files</Filter>
    </ClInclude>
    <ClInclude Include="..\..\dep\g3dlite\include\G3D\Any.h">
      <Filter>Header Files</Filter>
    </ClInclude>
    <ClInclude Include="..\..\dep\g3dlite\include\G3D\AtomicInt32.h">
      <Filter>Header Files</Filter>
    </ClInclude>
    <ClInclude Include="..\..\dep\g3dlite\include\G3D\BinaryFormat.h">
      <Filter>Header Files</Filter>
    </ClInclude>
    <ClInclude Include="..\..\dep\g3dlite\include\G3D\BinaryInput.h">
      <Filter>Header Files</Filter>
    </ClInclude>
    <ClInclude Include="..\..\dep\g3dlite\include\G3D\BinaryOutput.h">
      <Filter>Header Files</Filter>
    </ClInclude>
    <ClInclude Include="..\..\dep\g3dlite\include\G3D\Box.h">
      <Filter>Header Files</Filter>
    </ClInclude>
    <ClInclude Include="..\..\dep\g3dlite\include\G3D\Capsule.h">
      <Filter>Header Files</Filter>
    </ClInclude>
    <ClInclude Include="..\..\dep\g3dlite\include\G3D\CollisionDetection.h">
      <Filter>Header Files</Filter>
    </ClInclude>
    <ClInclude Include="..\..\dep\g3dlite\include\G3D\CoordinateFrame.h">
      <Filter>Header Files</Filter>
    </ClInclude>
    <ClInclude Include="..\..\dep\g3dlite\include\G3D\Crypto.h">
      <Filter>Header Files</Filter>
    </ClInclude>
    <ClInclude Include="..\..\dep\g3dlite\include\G3D\debug.h">
      <Filter>Header Files</Filter>
    </ClInclude>
    <ClInclude Include="..\..\dep\g3dlite\include\G3D\debugAssert.h">
      <Filter>Header Files</Filter>
    </ClInclude>
    <ClInclude Include="..\..\dep\g3dlite\include\G3D\FileSystem.h">
      <Filter>Header Files</Filter>
    </ClInclude>
    <ClInclude Include="..\..\dep\g3dlite\include\G3D\fileutils.h">
      <Filter>Header Files</Filter>
    </ClInclude>
    <ClInclude Include="..\..\dep\g3dlite\include\G3D\format.h">
      <Filter>Header Files</Filter>
    </ClInclude>
    <ClInclude Include="..\..\dep\g3dlite\include\G3D\g3dfnmatch.h">
      <Filter>Header Files</Filter>
    </ClInclude>
    <ClInclude Include="..\..\dep\g3dlite\include\G3D\g3dmath.h">
      <Filter>Header Files</Filter>
    </ClInclude>
    <ClInclude Include="..\..\dep\g3dlite\include\G3D\Intersect.h">
      <Filter>Header Files</Filter>
    </ClInclude>
    <ClInclude Include="..\..\dep\g3dlite\include\G3D\Line.h">
      <Filter>Header Files</Filter>
    </ClInclude>
    <ClInclude Include="..\..\dep\g3dlite\include\G3D\LineSegment.h">
      <Filter>Header Files</Filter>
    </ClInclude>
    <ClInclude Include="..\..\dep\g3dlite\include\G3D\Log.h">
      <Filter>Header Files</Filter>
    </ClInclude>
    <ClInclude Include="..\..\dep\g3dlite\include\G3D\Matrix3.h">
      <Filter>Header Files</Filter>
    </ClInclude>
    <ClInclude Include="..\..\dep\g3dlite\include\G3D\Matrix4.h">
      <Filter>Header Files</Filter>
    </ClInclude>
    <ClInclude Include="..\..\dep\g3dlite\include\G3D\MemoryManager.h">
      <Filter>Header Files</Filter>
    </ClInclude>
    <ClInclude Include="..\..\dep\g3dlite\include\G3D\PhysicsFrame.h">
      <Filter>Header Files</Filter>
    </ClInclude>
    <ClInclude Include="..\..\dep\g3dlite\include\G3D\Plane.h">
      <Filter>Header Files</Filter>
    </ClInclude>
    <ClInclude Include="..\..\dep\g3dlite\include\G3D\prompt.h">
      <Filter>Header Files</Filter>
    </ClInclude>
    <ClInclude Include="..\..\dep\g3dlite\include\G3D\Quat.h">
      <Filter>Header Files</Filter>
    </ClInclude>
    <ClInclude Include="..\..\dep\g3dlite\include\G3D\Random.h">
      <Filter>Header Files</Filter>
    </ClInclude>
    <ClInclude Include="..\..\dep\g3dlite\include\G3D\Ray.h">
      <Filter>Header Files</Filter>
    </ClInclude>
    <ClInclude Include="..\..\dep\g3dlite\include\G3D\Rect2D.h">
      <Filter>Header Files</Filter>
    </ClInclude>
    <ClInclude Include="..\..\dep\g3dlite\include\G3D\ReferenceCount.h">
      <Filter>Header Files</Filter>
    </ClInclude>
    <ClInclude Include="..\..\dep\g3dlite\include\G3D\RegistryUtil.h">
      <Filter>Header Files</Filter>
    </ClInclude>
    <ClInclude Include="..\..\dep\g3dlite\include\G3D\serialize.h">
      <Filter>Header Files</Filter>
    </ClInclude>
    <ClInclude Include="..\..\dep\g3dlite\include\G3D\Set.h">
      <Filter>Header Files</Filter>
    </ClInclude>
    <ClInclude Include="..\..\dep\g3dlite\include\G3D\Sphere.h">
      <Filter>Header Files</Filter>
    </ClInclude>
    <ClInclude Include="..\..\dep\g3dlite\include\G3D\stringutils.h">
      <Filter>Header Files</Filter>
    </ClInclude>
    <ClInclude Include="..\..\dep\g3dlite\include\G3D\System.h">
      <Filter>Header Files</Filter>
    </ClInclude>
    <ClInclude Include="..\..\dep\g3dlite\include\G3D\Table.h">
      <Filter>Header Files</Filter>
    </ClInclude>
    <ClInclude Include="..\..\dep\g3dlite\include\G3D\TextInput.h">
      <Filter>Header Files</Filter>
    </ClInclude>
    <ClInclude Include="..\..\dep\g3dlite\include\G3D\TextOutput.h">
      <Filter>Header Files</Filter>
    </ClInclude>
    <ClInclude Include="..\..\dep\g3dlite\include\G3D\Triangle.h">
      <Filter>Header Files</Filter>
    </ClInclude>
    <ClInclude Include="..\..\dep\g3dlite\include\G3D\uint128.h">
      <Filter>Header Files</Filter>
    </ClInclude>
    <ClInclude Include="..\..\dep\g3dlite\include\G3D\UprightFrame.h">
      <Filter>Header Files</Filter>
    </ClInclude>
    <ClInclude Include="..\..\dep\g3dlite\include\G3D\Vector2.h">
      <Filter>Header Files</Filter>
    </ClInclude>
    <ClInclude Include="..\..\dep\g3dlite\include\G3D\Vector3.h">
      <Filter>Header Files</Filter>
    </ClInclude>
    <ClInclude Include="..\..\dep\g3dlite\include\G3D\Vector4.h">
      <Filter>Header Files</Filter>
    </ClInclude>
  </ItemGroup>
  <ItemGroup>
    <ClCompile Include="..\..\dep\g3dlite\source\AABox.cpp">
      <Filter>Source Files</Filter>
    </ClCompile>
    <ClCompile Include="..\..\dep\g3dlite\source\Any.cpp">
      <Filter>Source Files</Filter>
    </ClCompile>
    <ClCompile Include="..\..\dep\g3dlite\source\BinaryFormat.cpp">
      <Filter>Source Files</Filter>
    </ClCompile>
    <ClCompile Include="..\..\dep\g3dlite\source\BinaryInput.cpp">
      <Filter>Source Files</Filter>
    </ClCompile>
    <ClCompile Include="..\..\dep\g3dlite\source\BinaryOutput.cpp">
      <Filter>Source Files</Filter>
    </ClCompile>
    <ClCompile Include="..\..\dep\g3dlite\source\Box.cpp">
      <Filter>Source Files</Filter>
    </ClCompile>
    <ClCompile Include="..\..\dep\g3dlite\source\Capsule.cpp">
      <Filter>Source Files</Filter>
    </ClCompile>
    <ClCompile Include="..\..\dep\g3dlite\source\CollisionDetection.cpp">
      <Filter>Source Files</Filter>
    </ClCompile>
    <ClCompile Include="..\..\dep\g3dlite\source\CoordinateFrame.cpp">
      <Filter>Source Files</Filter>
    </ClCompile>
    <ClCompile Include="..\..\dep\g3dlite\source\Crypto.cpp">
      <Filter>Source Files</Filter>
    </ClCompile>
    <ClCompile Include="..\..\dep\g3dlite\source\Cylinder.cpp">
      <Filter>Source Files</Filter>
    </ClCompile>
    <ClCompile Include="..\..\dep\g3dlite\source\debugAssert.cpp">
      <Filter>Source Files</Filter>
    </ClCompile>
    <ClCompile Include="..\..\dep\g3dlite\source\FileSystem.cpp">
      <Filter>Source Files</Filter>
    </ClCompile>
    <ClCompile Include="..\..\dep\g3dlite\source\fileutils.cpp">
      <Filter>Source Files</Filter>
    </ClCompile>
    <ClCompile Include="..\..\dep\g3dlite\source\format.cpp">
      <Filter>Source Files</Filter>
    </ClCompile>
    <ClCompile Include="..\..\dep\g3dlite\source\g3dfnmatch.cpp">
      <Filter>Source Files</Filter>
    </ClCompile>
    <ClCompile Include="..\..\dep\g3dlite\source\g3dmath.cpp">
      <Filter>Source Files</Filter>
    </ClCompile>
    <ClCompile Include="..\..\dep\g3dlite\source\Intersect.cpp">
      <Filter>Source Files</Filter>
    </ClCompile>
    <ClCompile Include="..\..\dep\g3dlite\source\Line.cpp">
      <Filter>Source Files</Filter>
    </ClCompile>
    <ClCompile Include="..\..\dep\g3dlite\source\LineSegment.cpp">
      <Filter>Source Files</Filter>
    </ClCompile>
    <ClCompile Include="..\..\dep\g3dlite\source\Log.cpp">
      <Filter>Source Files</Filter>
    </ClCompile>
    <ClCompile Include="..\..\dep\g3dlite\source\Matrix3.cpp">
      <Filter>Source Files</Filter>
    </ClCompile>
    <ClCompile Include="..\..\dep\g3dlite\source\Matrix4.cpp">
      <Filter>Source Files</Filter>
    </ClCompile>
    <ClCompile Include="..\..\dep\g3dlite\source\MemoryManager.cpp">
      <Filter>Source Files</Filter>
    </ClCompile>
    <ClCompile Include="..\..\dep\g3dlite\source\PhysicsFrame.cpp">
      <Filter>Source Files</Filter>
    </ClCompile>
    <ClCompile Include="..\..\dep\g3dlite\source\Plane.cpp">
      <Filter>Source Files</Filter>
    </ClCompile>
    <ClCompile Include="..\..\dep\g3dlite\source\prompt.cpp">
      <Filter>Source Files</Filter>
    </ClCompile>
    <ClCompile Include="..\..\dep\g3dlite\source\Quat.cpp">
      <Filter>Source Files</Filter>
    </ClCompile>
    <ClCompile Include="..\..\dep\g3dlite\source\Random.cpp">
      <Filter>Source Files</Filter>
    </ClCompile>
    <ClCompile Include="..\..\dep\g3dlite\source\Ray.cpp">
      <Filter>Source Files</Filter>
    </ClCompile>
    <ClCompile Include="..\..\dep\g3dlite\source\ReferenceCount.cpp">
      <Filter>Source Files</Filter>
    </ClCompile>
    <ClCompile Include="..\..\dep\g3dlite\source\RegistryUtil.cpp">
      <Filter>Source Files</Filter>
    </ClCompile>
    <ClCompile Include="..\..\dep\g3dlite\source\Sphere.cpp">
      <Filter>Source Files</Filter>
    </ClCompile>
    <ClCompile Include="..\..\dep\g3dlite\source\stringutils.cpp">
      <Filter>Source Files</Filter>
    </ClCompile>
    <ClCompile Include="..\..\dep\g3dlite\source\System.cpp">
      <Filter>Source Files</Filter>
    </ClCompile>
    <ClCompile Include="..\..\dep\g3dlite\source\TextInput.cpp">
      <Filter>Source Files</Filter>
    </ClCompile>
    <ClCompile Include="..\..\dep\g3dlite\source\TextOutput.cpp">
      <Filter>Source Files</Filter>
    </ClCompile>
    <ClCompile Include="..\..\dep\g3dlite\source\Triangle.cpp">
      <Filter>Source Files</Filter>
    </ClCompile>
    <ClCompile Include="..\..\dep\g3dlite\source\uint128.cpp">
      <Filter>Source Files</Filter>
    </ClCompile>
    <ClCompile Include="..\..\dep\g3dlite\source\UprightFrame.cpp">
      <Filter>Source Files</Filter>
    </ClCompile>
    <ClCompile Include="..\..\dep\g3dlite\source\Vector2.cpp">
      <Filter>Source Files</Filter>
    </ClCompile>
    <ClCompile Include="..\..\dep\g3dlite\source\Vector3.cpp">
      <Filter>Source Files</Filter>
    </ClCompile>
    <ClCompile Include="..\..\dep\g3dlite\source\Vector4.cpp">
      <Filter>Source Files</Filter>
    </ClCompile>
  </ItemGroup>
</Project>